PODS:
  - AFNetworking (2.3.0):
    - AFNetworking/NSURLConnection
    - AFNetworking/NSURLSession
    - AFNetworking/Reachability
    - AFNetworking/Security
    - AFNetworking/Serialization
    - AFNetworking/UIKit
  - AFNetworking/NSURLConnection (2.3.0):
    - AFNetworking/Reachability
    - AFNetworking/Security
    - AFNetworking/Serialization
  - AFNetworking/NSURLSession (2.3.0):
    - AFNetworking/Reachability
    - AFNetworking/Security
    - AFNetworking/Serialization
  - AFNetworking/Reachability (2.3.0)
  - AFNetworking/Security (2.3.0)
  - AFNetworking/Serialization (2.3.0)
  - AFNetworking/UIKit (2.3.0):
    - AFNetworking/NSURLConnection
    - AFNetworking/NSURLSession
  - GRMustache (7.0.2):
    - JRSwizzle (~> 1.0)
  - GroundControl (2.1.0):
    - AFNetworking (~> 2.2)
  - JRSwizzle (1.0)
  - MKPolygon-GPC (0.0.1)
  - SkyLab (1.0.0)

DEPENDENCIES:
  - GRMustache (~> 7.0)
  - GroundControl (~> 2.1.0)
  - MKPolygon-GPC (~> 0.0.1)
  - SkyLab (~> 1.0.0)

SPEC CHECKSUMS:
  AFNetworking: e7abefee64543aa978c9d759bc8892402b1ed7d1
  GRMustache: 7cce2570d81711b90d91d2e539f6f575a703db22
  GroundControl: 2f9024230e41ff5e5a8e3ca060ed1b74883bdd1a
  JRSwizzle: 30da7a2c539a4ebf954b16d15f6dd8221c9f6fa5
  MKPolygon-GPC: ecc204ab024b5f70caa1487b4a87c2ba4599d075
  SkyLab: 3136250c0454700d0c3925e18d0a1dab610b12c3

COCOAPODS: 0.33.1
