// !$*UTF8*$!
{
	archiveVersion = 1;
	classes = {
	};
	objectVersion = 46;
	objects = {

/* Begin PBXBuildFile section */
		0329CD8624584C0B84952E54 /* libPods.a in Frameworks */ = {isa = PBXBuildFile; fileRef = F7A3CC5A98E34FCF9134C592 /* libPods.a */; };
		E81112D4194BDEA700735422 /* PVVISQueryViewController.xib in Resources */ = {isa = PBXBuildFile; fileRef = E81112D3194BDEA700735422 /* PVVISQueryViewController.xib */; };
		E81112E0194CCC4100735422 /* PVVISQueryUICollectionViewCell.xib in Resources */ = {isa = PBXBuildFile; fileRef = E81112DF194CCC4100735422 /* PVVISQueryUICollectionViewCell.xib */; };
		E81112E3194CCFC200735422 /* UIImage+StackBlur.m in Sources */ = {isa = PBXBuildFile; fileRef = E81112E2194CCFC200735422 /* UIImage+StackBlur.m */; };
		E81112F8195C723A00735422 /* back.png in Resources */ = {isa = PBXBuildFile; fileRef = E81112F6195C723A00735422 /* back.png */; };
		E81112F9195C723A00735422 /* back@2x.png in Resources */ = {isa = PBXBuildFile; fileRef = E81112F7195C723A00735422 /* back@2x.png */; };
		E81112FC195C921400735422 /* reload.png in Resources */ = {isa = PBXBuildFile; fileRef = E81112FA195C921400735422 /* reload.png */; };
		E81112FD195C921400735422 /* reload@2x.png in Resources */ = {isa = PBXBuildFile; fileRef = E81112FB195C921400735422 /* reload@2x.png */; };
		E8111302195CAD0E00735422 /* redo.png in Resources */ = {isa = PBXBuildFile; fileRef = E81112FE195CAD0E00735422 /* redo.png */; };
		E8111303195CAD0E00735422 /* redo@2x.png in Resources */ = {isa = PBXBuildFile; fileRef = E81112FF195CAD0E00735422 /* redo@2x.png */; };
		E8111304195CAD0E00735422 /* undo.png in Resources */ = {isa = PBXBuildFile; fileRef = E8111300195CAD0E00735422 /* undo.png */; };
		E8111305195CAD0E00735422 /* undo@2x.png in Resources */ = {isa = PBXBuildFile; fileRef = E8111301195CAD0E00735422 /* undo@2x.png */; };
		E8111308195CBB1E00735422 /* close.png in Resources */ = {isa = PBXBuildFile; fileRef = E8111306195CBB1E00735422 /* close.png */; };
		E8111309195CBB1E00735422 /* close@2x.png in Resources */ = {isa = PBXBuildFile; fileRef = E8111307195CBB1E00735422 /* close@2x.png */; };
		E811130E195CDC0500735422 /* closeWhite.png in Resources */ = {isa = PBXBuildFile; fileRef = E811130C195CDC0500735422 /* closeWhite.png */; };
		E811130F195CDC0500735422 /* closeWhite@2x.png in Resources */ = {isa = PBXBuildFile; fileRef = E811130D195CDC0500735422 /* closeWhite@2x.png */; };
		E8111312195DCEE800735422 /* PVVISCondition.m in Sources */ = {isa = PBXBuildFile; fileRef = E8111311195DCEE800735422 /* PVVISCondition.m */; };
		E8111316195F0BB000735422 /* PVVISConditionPickerTableViewCell.m in Sources */ = {isa = PBXBuildFile; fileRef = E8111314195F0BB000735422 /* PVVISConditionPickerTableViewCell.m */; };
		E8111317195F0BB000735422 /* PVVISConditionPickerTableViewCell.xib in Resources */ = {isa = PBXBuildFile; fileRef = E8111315195F0BB000735422 /* PVVISConditionPickerTableViewCell.xib */; };
		E811131A195F0F6200735422 /* PVVISLocation.m in Sources */ = {isa = PBXBuildFile; fileRef = E8111319195F0F6200735422 /* PVVISLocation.m */; };
		E811131C195F0F6E00735422 /* PVVISEventPopoverTableViewCell.xib in Resources */ = {isa = PBXBuildFile; fileRef = E811131B195F0F6E00735422 /* PVVISEventPopoverTableViewCell.xib */; };
		E811131F1960546600735422 /* search.png in Resources */ = {isa = PBXBuildFile; fileRef = E811131D1960546600735422 /* search.png */; };
		E81113201960546600735422 /* search@2x.png in Resources */ = {isa = PBXBuildFile; fileRef = E811131E1960546600735422 /* search@2x.png */; };
		E82ADDDC193D137800A7011A /* PVVISEventPopoverView.m in Sources */ = {isa = PBXBuildFile; fileRef = E82ADDDB193D137800A7011A /* PVVISEventPopoverView.m */; };
		E82ADDDE193D139000A7011A /* PVVISEventPopoverView.xib in Resources */ = {isa = PBXBuildFile; fileRef = E82ADDDD193D139000A7011A /* PVVISEventPopoverView.xib */; };
		E82ADDE1193D2E3000A7011A /* PVVISEventPopoverViewController.m in Sources */ = {isa = PBXBuildFile; fileRef = E82ADDE0193D2E3000A7011A /* PVVISEventPopoverViewController.m */; };
		E82ADDE5193E13E600A7011A /* PVVISEventPopoverTableViewCell.m in Sources */ = {isa = PBXBuildFile; fileRef = E82ADDE3193E13E600A7011A /* PVVISEventPopoverTableViewCell.m */; };
		E82ADDEA193F600A00A7011A /* QuartzCore.framework in Frameworks */ = {isa = PBXBuildFile; fileRef = E82ADDE9193F600A00A7011A /* QuartzCore.framework */; };
		E82ADDF0193F890900A7011A /* PVVISQuery.m in Sources */ = {isa = PBXBuildFile; fileRef = E82ADDEF193F890900A7011A /* PVVISQuery.m */; };
		E82ADDF4193FE0C100A7011A /* PVVISQueryViewController.m in Sources */ = {isa = PBXBuildFile; fileRef = E82ADDF2193FE0C100A7011A /* PVVISQueryViewController.m */; };
		E83BD0A7193BF8E100D9D09F /* PVVISTag.m in Sources */ = {isa = PBXBuildFile; fileRef = E83BD0A6193BF8E100D9D09F /* PVVISTag.m */; };
		E8457C101940C77800A8D57A /* PVVISQueryUITableViewCell.xib in Resources */ = {isa = PBXBuildFile; fileRef = E8457C0F1940C77800A8D57A /* PVVISQueryUITableViewCell.xib */; };
		E8457C1B1940C7AE00A8D57A /* PVVISQueryUITableViewCell.m in Sources */ = {isa = PBXBuildFile; fileRef = E8457C1A1940C7AE00A8D57A /* PVVISQueryUITableViewCell.m */; };
		E8457C2919412BB700A8D57A /* PVVISQueryUICollectionViewCell.m in Sources */ = {isa = PBXBuildFile; fileRef = E8457C2819412BB700A8D57A /* PVVISQueryUICollectionViewCell.m */; };
		E8457C381943E94D00A8D57A /* PVVISConditionEditorViewController.m in Sources */ = {isa = PBXBuildFile; fileRef = E8457C361943E94D00A8D57A /* PVVISConditionEditorViewController.m */; };
		E8457C391943E94D00A8D57A /* PVVISConditionEditorViewController.xib in Resources */ = {isa = PBXBuildFile; fileRef = E8457C371943E94D00A8D57A /* PVVISConditionEditorViewController.xib */; };
		E8457C3E1944A3DD00A8D57A /* map.png in Resources */ = {isa = PBXBuildFile; fileRef = E8457C3C1944A3DD00A8D57A /* map.png */; };
		E8457C3F1944A3DD00A8D57A /* map@2x.png in Resources */ = {isa = PBXBuildFile; fileRef = E8457C3D1944A3DD00A8D57A /* map@2x.png */; };
		E8457C431944D53400A8D57A /* PVVISArea.m in Sources */ = {isa = PBXBuildFile; fileRef = E8457C421944D53400A8D57A /* PVVISArea.m */; };
		E8457C451947307400A8D57A /* libsqlite3.0.dylib in Frameworks */ = {isa = PBXBuildFile; fileRef = E8457C441947307400A8D57A /* libsqlite3.0.dylib */; };
		E868D25C19632E46004F042C /* GoogleMaps.framework in Frameworks */ = {isa = PBXBuildFile; fileRef = E868D25B19632E46004F042C /* GoogleMaps.framework */; };
		E868D25E19632E57004F042C /* AVFoundation.framework in Frameworks */ = {isa = PBXBuildFile; fileRef = E868D25D19632E57004F042C /* AVFoundation.framework */; };
		E868D26019632E62004F042C /* CoreLocation.framework in Frameworks */ = {isa = PBXBuildFile; fileRef = E868D25F19632E62004F042C /* CoreLocation.framework */; };
		E868D26219632E6D004F042C /* CoreText.framework in Frameworks */ = {isa = PBXBuildFile; fileRef = E868D26119632E6D004F042C /* CoreText.framework */; };
		E868D26419632E78004F042C /* GLKit.framework in Frameworks */ = {isa = PBXBuildFile; fileRef = E868D26319632E78004F042C /* GLKit.framework */; };
		E868D26619632E82004F042C /* ImageIO.framework in Frameworks */ = {isa = PBXBuildFile; fileRef = E868D26519632E82004F042C /* ImageIO.framework */; };
		E868D26819632E8F004F042C /* libc++.dylib in Frameworks */ = {isa = PBXBuildFile; fileRef = E868D26719632E8F004F042C /* libc++.dylib */; };
		E868D26A19632E9D004F042C /* libicucore.dylib in Frameworks */ = {isa = PBXBuildFile; fileRef = E868D26919632E9D004F042C /* libicucore.dylib */; };
		E868D26C19632EA8004F042C /* libz.dylib in Frameworks */ = {isa = PBXBuildFile; fileRef = E868D26B19632EA8004F042C /* libz.dylib */; };
		E868D26E19632EB2004F042C /* OpenGLES.framework in Frameworks */ = {isa = PBXBuildFile; fileRef = E868D26D19632EB2004F042C /* OpenGLES.framework */; };
		E868D27019632EC7004F042C /* SystemConfiguration.framework in Frameworks */ = {isa = PBXBuildFile; fileRef = E868D26F19632EC7004F042C /* SystemConfiguration.framework */; };
		E868D27219635D2D004F042C /* GoogleMaps.bundle in Resources */ = {isa = PBXBuildFile; fileRef = E868D27119635D2D004F042C /* GoogleMaps.bundle */; };
		E868D278196371EF004F042C /* PVVISMarker.m in Sources */ = {isa = PBXBuildFile; fileRef = E868D277196371EF004F042C /* PVVISMarker.m */; };
		E868D27B19638CD6004F042C /* UIColor+PVVISColorSet.m in Sources */ = {isa = PBXBuildFile; fileRef = E868D27A19638CD6004F042C /* UIColor+PVVISColorSet.m */; };
		E868D27D19642129004F042C /* PVVISDataSetLoadingView.xib in Resources */ = {isa = PBXBuildFile; fileRef = E868D27C19642129004F042C /* PVVISDataSetLoadingView.xib */; };
		E868D280196433D5004F042C /* PVVISPolygon.m in Sources */ = {isa = PBXBuildFile; fileRef = E868D27F196433D5004F042C /* PVVISPolygon.m */; };
		E868D28519702119004F042C /* PVVISQueryUICollectionHeader.m in Sources */ = {isa = PBXBuildFile; fileRef = E868D28419702119004F042C /* PVVISQueryUICollectionHeader.m */; };
		E868D28F1970212C004F042C /* PVVISQueryUICollectionHeader.xib in Resources */ = {isa = PBXBuildFile; fileRef = E868D28E1970212C004F042C /* PVVISQueryUICollectionHeader.xib */; };
		E868D29119703CF4004F042C /* PVVISMarker.xib in Resources */ = {isa = PBXBuildFile; fileRef = E868D29019703CF4004F042C /* PVVISMarker.xib */; };
		E868D2941970403A004F042C /* marker-bottom.png in Resources */ = {isa = PBXBuildFile; fileRef = E868D2921970403A004F042C /* marker-bottom.png */; };
		E868D2951970403A004F042C /* marker-bottom@2x.png in Resources */ = {isa = PBXBuildFile; fileRef = E868D2931970403A004F042C /* marker-bottom@2x.png */; };
		E868D29919709E92004F042C /* edit-map@2x.png in Resources */ = {isa = PBXBuildFile; fileRef = E868D29719709E92004F042C /* edit-map@2x.png */; };
		E868D29B1970A100004F042C /* edit-map.png in Resources */ = {isa = PBXBuildFile; fileRef = E868D29A1970A100004F042C /* edit-map.png */; };
		E868D29E1970AD3C004F042C /* PVVISTutorialView.m in Sources */ = {isa = PBXBuildFile; fileRef = E868D29D1970AD3C004F042C /* PVVISTutorialView.m */; };
		E868D2A01970AD50004F042C /* PVVISTutorialView.xib in Resources */ = {isa = PBXBuildFile; fileRef = E868D29F1970AD50004F042C /* PVVISTutorialView.xib */; };
		E868D2A21970AF62004F042C /* corner-top-left.png in Resources */ = {isa = PBXBuildFile; fileRef = E868D2A11970AF62004F042C /* corner-top-left.png */; };
		E868D2A41970AFA7004F042C /* corner-top-right.png in Resources */ = {isa = PBXBuildFile; fileRef = E868D2A31970AFA7004F042C /* corner-top-right.png */; };
		E868D2A71970B02B004F042C /* corner-bottom-left.png in Resources */ = {isa = PBXBuildFile; fileRef = E868D2A51970B02B004F042C /* corner-bottom-left.png */; };
		E868D2A81970B02B004F042C /* corner-bottom-right.png in Resources */ = {isa = PBXBuildFile; fileRef = E868D2A61970B02B004F042C /* corner-bottom-right.png */; };
		E868D2AD1971A92E004F042C /* zoom-in.png in Resources */ = {isa = PBXBuildFile; fileRef = E868D2A91971A92E004F042C /* zoom-in.png */; };
		E868D2AE1971A92E004F042C /* zoom-in@2x.png in Resources */ = {isa = PBXBuildFile; fileRef = E868D2AA1971A92E004F042C /* zoom-in@2x.png */; };
		E868D2AF1971A92E004F042C /* zoom-out.png in Resources */ = {isa = PBXBuildFile; fileRef = E868D2AB1971A92E004F042C /* zoom-out.png */; };
		E868D2B01971A92E004F042C /* zoom-out@2x.png in Resources */ = {isa = PBXBuildFile; fileRef = E868D2AC1971A92E004F042C /* zoom-out@2x.png */; };
		E868D2B31971AAF8004F042C /* GCGeocodingService.m in Sources */ = {isa = PBXBuildFile; fileRef = E868D2B21971AAF8004F042C /* GCGeocodingService.m */; };
		E868D2B81972E3AB004F042C /* corner-bottom-left@2x.png in Resources */ = {isa = PBXBuildFile; fileRef = E868D2B41972E3AB004F042C /* corner-bottom-left@2x.png */; };
		E868D2B91972E3AB004F042C /* corner-bottom-right@2x.png in Resources */ = {isa = PBXBuildFile; fileRef = E868D2B51972E3AB004F042C /* corner-bottom-right@2x.png */; };
		E868D2BA1972E3AB004F042C /* corner-top-left@2x.png in Resources */ = {isa = PBXBuildFile; fileRef = E868D2B61972E3AB004F042C /* corner-top-left@2x.png */; };
		E868D2BB1972E3AB004F042C /* corner-top-right@2x.png in Resources */ = {isa = PBXBuildFile; fileRef = E868D2B71972E3AB004F042C /* corner-top-right@2x.png */; };
		E868D2BE1972E7C8004F042C /* PVVISTutorial.m in Sources */ = {isa = PBXBuildFile; fileRef = E868D2BD1972E7C8004F042C /* PVVISTutorial.m */; };
		E86B16DE1933E98C000DDF18 /* PVVISMapViewController.m in Sources */ = {isa = PBXBuildFile; fileRef = E86B16DC1933E98C000DDF18 /* PVVISMapViewController.m */; };
		E86B16DF1933E98C000DDF18 /* PVVISMapViewController.xib in Resources */ = {isa = PBXBuildFile; fileRef = E86B16DD1933E98C000DDF18 /* PVVISMapViewController.xib */; };
		E86B16E31933F2B6000DDF18 /* FilterUIConfiguration.plist in Resources */ = {isa = PBXBuildFile; fileRef = E86B16E21933F2B6000DDF18 /* FilterUIConfiguration.plist */; };
		E86B1743193532DF000DDF18 /* PVVISSparqlOverHTTP.m in Sources */ = {isa = PBXBuildFile; fileRef = E86B1742193532DF000DDF18 /* PVVISSparqlOverHTTP.m */; };
		E86B174619353943000DDF18 /* PVVISSparqlOverHttpRequestSerializer.m in Sources */ = {isa = PBXBuildFile; fileRef = E86B174519353943000DDF18 /* PVVISSparqlOverHttpRequestSerializer.m */; };
		E86B1749193543ED000DDF18 /* PVVISSparqlOverHTTPResponseSerializer.m in Sources */ = {isa = PBXBuildFile; fileRef = E86B1748193543ED000DDF18 /* PVVISSparqlOverHTTPResponseSerializer.m */; };
		E86B174B1937FC96000DDF18 /* config.plist in Resources */ = {isa = PBXBuildFile; fileRef = E86B174A1937FC96000DDF18 /* config.plist */; };
		E86B174E1937FD87000DDF18 /* PVVISConfig.m in Sources */ = {isa = PBXBuildFile; fileRef = E86B174D1937FD87000DDF18 /* PVVISConfig.m */; };
		E86B1751193807D5000DDF18 /* PVVISDataStore.m in Sources */ = {isa = PBXBuildFile; fileRef = E86B1750193807D5000DDF18 /* PVVISDataStore.m */; };
		E86B17541938ABFC000DDF18 /* NSString+URLEncoding.m in Sources */ = {isa = PBXBuildFile; fileRef = E86B17531938ABFC000DDF18 /* NSString+URLEncoding.m */; };
		E86B1759193BD554000DDF18 /* PVVISEvent.m in Sources */ = {isa = PBXBuildFile; fileRef = E86B1758193BD554000DDF18 /* PVVISEvent.m */; };
		E8CAF0C4192F92A400884C20 /* Foundation.framework in Frameworks */ = {isa = PBXBuildFile; fileRef = E8CAF0C3192F92A400884C20 /* Foundation.framework */; };
		E8CAF0C6192F92A400884C20 /* CoreGraphics.framework in Frameworks */ = {isa = PBXBuildFile; fileRef = E8CAF0C5192F92A400884C20 /* CoreGraphics.framework */; };
		E8CAF0C8192F92A400884C20 /* UIKit.framework in Frameworks */ = {isa = PBXBuildFile; fileRef = E8CAF0C7192F92A400884C20 /* UIKit.framework */; };
		E8CAF0CA192F92A400884C20 /* CoreData.framework in Frameworks */ = {isa = PBXBuildFile; fileRef = E8CAF0C9192F92A400884C20 /* CoreData.framework */; };
		E8CAF0D0192F92A400884C20 /* InfoPlist.strings in Resources */ = {isa = PBXBuildFile; fileRef = E8CAF0CE192F92A400884C20 /* InfoPlist.strings */; };
		E8CAF0D2192F92A400884C20 /* main.m in Sources */ = {isa = PBXBuildFile; fileRef = E8CAF0D1192F92A400884C20 /* main.m */; };
		E8CAF0D6192F92A400884C20 /* PVVISAppDelegate.m in Sources */ = {isa = PBXBuildFile; fileRef = E8CAF0D5192F92A400884C20 /* PVVISAppDelegate.m */; };
		E8CAF0D9192F92A400884C20 /* PVGeoVisualisationMobile.xcdatamodeld in Sources */ = {isa = PBXBuildFile; fileRef = E8CAF0D7192F92A400884C20 /* PVGeoVisualisationMobile.xcdatamodeld */; };
		E8CAF0DB192F92A400884C20 /* Images.xcassets in Resources */ = {isa = PBXBuildFile; fileRef = E8CAF0DA192F92A400884C20 /* Images.xcassets */; };
		E8CAF0E2192F92A400884C20 /* XCTest.framework in Frameworks */ = {isa = PBXBuildFile; fileRef = E8CAF0E1192F92A400884C20 /* XCTest.framework */; };
		E8CAF0E3192F92A400884C20 /* Foundation.framework in Frameworks */ = {isa = PBXBuildFile; fileRef = E8CAF0C3192F92A400884C20 /* Foundation.framework */; };
		E8CAF0E4192F92A400884C20 /* UIKit.framework in Frameworks */ = {isa = PBXBuildFile; fileRef = E8CAF0C7192F92A400884C20 /* UIKit.framework */; };
		E8CAF0E5192F92A400884C20 /* CoreData.framework in Frameworks */ = {isa = PBXBuildFile; fileRef = E8CAF0C9192F92A400884C20 /* CoreData.framework */; };
		E8CAF0ED192F92A400884C20 /* InfoPlist.strings in Resources */ = {isa = PBXBuildFile; fileRef = E8CAF0EB192F92A400884C20 /* InfoPlist.strings */; };
		E8CAF0EF192F92A400884C20 /* PVGeoVisualisationMobileTests.m in Sources */ = {isa = PBXBuildFile; fileRef = E8CAF0EE192F92A400884C20 /* PVGeoVisualisationMobileTests.m */; };
		E8CAF10B192F9BF100884C20 /* libredland-ios.a in Frameworks */ = {isa = PBXBuildFile; fileRef = E8CAF108192F9BA300884C20 /* libredland-ios.a */; };
		E8CAF10D192F9BFA00884C20 /* libxml2.dylib in Frameworks */ = {isa = PBXBuildFile; fileRef = E8CAF10C192F9BFA00884C20 /* libxml2.dylib */; };
		E8CAF10F192F9C0600884C20 /* libxslt.dylib in Frameworks */ = {isa = PBXBuildFile; fileRef = E8CAF10E192F9C0600884C20 /* libxslt.dylib */; };
		E8CAF111192F9C1000884C20 /* libsqlite3.dylib in Frameworks */ = {isa = PBXBuildFile; fileRef = E8CAF110192F9C1000884C20 /* libsqlite3.dylib */; };
/* End PBXBuildFile section */

/* Begin PBXContainerItemProxy section */
		E8CAF0E6192F92A400884C20 /* PBXContainerItemProxy */ = {
			isa = PBXContainerItemProxy;
			containerPortal = E8CAF0B8192F92A400884C20 /* Project object */;
			proxyType = 1;
			remoteGlobalIDString = E8CAF0BF192F92A400884C20;
			remoteInfo = PVGeoVisualisationMobile;
		};
		E8CAF103192F9BA300884C20 /* PBXContainerItemProxy */ = {
			isa = PBXContainerItemProxy;
			containerPortal = E8CAF0F8192F9BA200884C20 /* Redland.xcodeproj */;
			proxyType = 2;
			remoteGlobalIDString = 8DC2EF5B0486A6940098B216;
			remoteInfo = Redland;
		};
		E8CAF105192F9BA300884C20 /* PBXContainerItemProxy */ = {
			isa = PBXContainerItemProxy;
			containerPortal = E8CAF0F8192F9BA200884C20 /* Redland.xcodeproj */;
			proxyType = 2;
			remoteGlobalIDString = ED48EB5008BB557A00ACF14F;
			remoteInfo = Tests;
		};
		E8CAF107192F9BA300884C20 /* PBXContainerItemProxy */ = {
			isa = PBXContainerItemProxy;
			containerPortal = E8CAF0F8192F9BA200884C20 /* Redland.xcodeproj */;
			proxyType = 2;
			remoteGlobalIDString = EEE7B44E15C84978004D5A68;
			remoteInfo = "redland-ios";
		};
		E8CAF109192F9BA300884C20 /* PBXContainerItemProxy */ = {
			isa = PBXContainerItemProxy;
			containerPortal = E8CAF0F8192F9BA200884C20 /* Redland.xcodeproj */;
			proxyType = 2;
			remoteGlobalIDString = EEE7B45E15C84978004D5A68;
			remoteInfo = "Tests-iOS";
		};
/* End PBXContainerItemProxy section */

/* Begin PBXFileReference section */
		E3408F6957504BF1818D98FE /* Pods.xcconfig */ = {isa = PBXFileReference; includeInIndex = 1; lastKnownFileType = text.xcconfig; name = Pods.xcconfig; path = Pods/Pods.xcconfig; sourceTree = "<group>"; };
		E81112D3194BDEA700735422 /* PVVISQueryViewController.xib */ = {isa = PBXFileReference; fileEncoding = 4; lastKnownFileType = file.xib; name = PVVISQueryViewController.xib; path = Controllers/PVVISQueryViewController.xib; sourceTree = "<group>"; };
		E81112DF194CCC4100735422 /* PVVISQueryUICollectionViewCell.xib */ = {isa = PBXFileReference; fileEncoding = 4; lastKnownFileType = file.xib; name = PVVISQueryUICollectionViewCell.xib; path = Interfaces/PVVISQueryUICollectionViewCell.xib; sourceTree = "<group>"; };
		E81112E1194CCFC200735422 /* UIImage+StackBlur.h */ = {isa = PBXFileReference; fileEncoding = 4; lastKnownFileType = sourcecode.c.h; name = "UIImage+StackBlur.h"; path = "Support/UIImage+StackBlur.h"; sourceTree = "<group>"; };
		E81112E2194CCFC200735422 /* UIImage+StackBlur.m */ = {isa = PBXFileReference; fileEncoding = 4; lastKnownFileType = sourcecode.c.objc; name = "UIImage+StackBlur.m"; path = "Support/UIImage+StackBlur.m"; sourceTree = "<group>"; };
		E81112F6195C723A00735422 /* back.png */ = {isa = PBXFileReference; lastKnownFileType = image.png; name = back.png; path = Assets/back.png; sourceTree = "<group>"; };
		E81112F7195C723A00735422 /* back@2x.png */ = {isa = PBXFileReference; lastKnownFileType = image.png; name = "back@2x.png"; path = "Assets/back@2x.png"; sourceTree = "<group>"; };
		E81112FA195C921400735422 /* reload.png */ = {isa = PBXFileReference; lastKnownFileType = image.png; name = reload.png; path = Assets/reload.png; sourceTree = "<group>"; };
		E81112FB195C921400735422 /* reload@2x.png */ = {isa = PBXFileReference; lastKnownFileType = image.png; name = "reload@2x.png"; path = "Assets/reload@2x.png"; sourceTree = "<group>"; };
		E81112FE195CAD0E00735422 /* redo.png */ = {isa = PBXFileReference; lastKnownFileType = image.png; name = redo.png; path = Assets/redo.png; sourceTree = "<group>"; };
		E81112FF195CAD0E00735422 /* redo@2x.png */ = {isa = PBXFileReference; lastKnownFileType = image.png; name = "redo@2x.png"; path = "Assets/redo@2x.png"; sourceTree = "<group>"; };
		E8111300195CAD0E00735422 /* undo.png */ = {isa = PBXFileReference; lastKnownFileType = image.png; name = undo.png; path = Assets/undo.png; sourceTree = "<group>"; };
		E8111301195CAD0E00735422 /* undo@2x.png */ = {isa = PBXFileReference; lastKnownFileType = image.png; name = "undo@2x.png"; path = "Assets/undo@2x.png"; sourceTree = "<group>"; };
		E8111306195CBB1E00735422 /* close.png */ = {isa = PBXFileReference; lastKnownFileType = image.png; name = close.png; path = Assets/close.png; sourceTree = "<group>"; };
		E8111307195CBB1E00735422 /* close@2x.png */ = {isa = PBXFileReference; lastKnownFileType = image.png; name = "close@2x.png"; path = "Assets/close@2x.png"; sourceTree = "<group>"; };
		E811130C195CDC0500735422 /* closeWhite.png */ = {isa = PBXFileReference; lastKnownFileType = image.png; name = closeWhite.png; path = Assets/closeWhite.png; sourceTree = "<group>"; };
		E811130D195CDC0500735422 /* closeWhite@2x.png */ = {isa = PBXFileReference; lastKnownFileType = image.png; name = "closeWhite@2x.png"; path = "Assets/closeWhite@2x.png"; sourceTree = "<group>"; };
		E8111310195DCEE800735422 /* PVVISCondition.h */ = {isa = PBXFileReference; fileEncoding = 4; lastKnownFileType = sourcecode.c.h; name = PVVISCondition.h; path = Models/PVVISCondition.h; sourceTree = "<group>"; };
		E8111311195DCEE800735422 /* PVVISCondition.m */ = {isa = PBXFileReference; fileEncoding = 4; lastKnownFileType = sourcecode.c.objc; name = PVVISCondition.m; path = Models/PVVISCondition.m; sourceTree = "<group>"; };
		E8111313195F0BB000735422 /* PVVISConditionPickerTableViewCell.h */ = {isa = PBXFileReference; fileEncoding = 4; lastKnownFileType = sourcecode.c.h; name = PVVISConditionPickerTableViewCell.h; path = Interfaces/PVVISConditionPickerTableViewCell.h; sourceTree = "<group>"; };
		E8111314195F0BB000735422 /* PVVISConditionPickerTableViewCell.m */ = {isa = PBXFileReference; fileEncoding = 4; lastKnownFileType = sourcecode.c.objc; name = PVVISConditionPickerTableViewCell.m; path = Interfaces/PVVISConditionPickerTableViewCell.m; sourceTree = "<group>"; };
		E8111315195F0BB000735422 /* PVVISConditionPickerTableViewCell.xib */ = {isa = PBXFileReference; fileEncoding = 4; lastKnownFileType = file.xib; name = PVVISConditionPickerTableViewCell.xib; path = Interfaces/PVVISConditionPickerTableViewCell.xib; sourceTree = "<group>"; };
		E8111318195F0F6200735422 /* PVVISLocation.h */ = {isa = PBXFileReference; fileEncoding = 4; lastKnownFileType = sourcecode.c.h; name = PVVISLocation.h; path = Models/PVVISLocation.h; sourceTree = "<group>"; };
		E8111319195F0F6200735422 /* PVVISLocation.m */ = {isa = PBXFileReference; fileEncoding = 4; lastKnownFileType = sourcecode.c.objc; name = PVVISLocation.m; path = Models/PVVISLocation.m; sourceTree = "<group>"; };
		E811131B195F0F6E00735422 /* PVVISEventPopoverTableViewCell.xib */ = {isa = PBXFileReference; fileEncoding = 4; lastKnownFileType = file.xib; name = PVVISEventPopoverTableViewCell.xib; path = Interfaces/PVVISEventPopoverTableViewCell.xib; sourceTree = "<group>"; };
		E811131D1960546600735422 /* search.png */ = {isa = PBXFileReference; lastKnownFileType = image.png; name = search.png; path = Assets/search.png; sourceTree = "<group>"; };
		E811131E1960546600735422 /* search@2x.png */ = {isa = PBXFileReference; lastKnownFileType = image.png; name = "search@2x.png"; path = "Assets/search@2x.png"; sourceTree = "<group>"; };
		E82ADDDA193D137800A7011A /* PVVISEventPopoverView.h */ = {isa = PBXFileReference; fileEncoding = 4; lastKnownFileType = sourcecode.c.h; name = PVVISEventPopoverView.h; path = Interfaces/PVVISEventPopoverView.h; sourceTree = "<group>"; };
		E82ADDDB193D137800A7011A /* PVVISEventPopoverView.m */ = {isa = PBXFileReference; fileEncoding = 4; lastKnownFileType = sourcecode.c.objc; name = PVVISEventPopoverView.m; path = Interfaces/PVVISEventPopoverView.m; sourceTree = "<group>"; };
		E82ADDDD193D139000A7011A /* PVVISEventPopoverView.xib */ = {isa = PBXFileReference; fileEncoding = 4; lastKnownFileType = file.xib; name = PVVISEventPopoverView.xib; path = Interfaces/PVVISEventPopoverView.xib; sourceTree = "<group>"; };
		E82ADDDF193D2E3000A7011A /* PVVISEventPopoverViewController.h */ = {isa = PBXFileReference; fileEncoding = 4; lastKnownFileType = sourcecode.c.h; name = PVVISEventPopoverViewController.h; path = Controllers/PVVISEventPopoverViewController.h; sourceTree = "<group>"; };
		E82ADDE0193D2E3000A7011A /* PVVISEventPopoverViewController.m */ = {isa = PBXFileReference; fileEncoding = 4; lastKnownFileType = sourcecode.c.objc; name = PVVISEventPopoverViewController.m; path = Controllers/PVVISEventPopoverViewController.m; sourceTree = "<group>"; };
		E82ADDE2193E13E600A7011A /* PVVISEventPopoverTableViewCell.h */ = {isa = PBXFileReference; fileEncoding = 4; lastKnownFileType = sourcecode.c.h; name = PVVISEventPopoverTableViewCell.h; path = Interfaces/PVVISEventPopoverTableViewCell.h; sourceTree = "<group>"; };
		E82ADDE3193E13E600A7011A /* PVVISEventPopoverTableViewCell.m */ = {isa = PBXFileReference; fileEncoding = 4; lastKnownFileType = sourcecode.c.objc; name = PVVISEventPopoverTableViewCell.m; path = Interfaces/PVVISEventPopoverTableViewCell.m; sourceTree = "<group>"; };
		E82ADDE9193F600A00A7011A /* QuartzCore.framework */ = {isa = PBXFileReference; lastKnownFileType = wrapper.framework; name = QuartzCore.framework; path = System/Library/Frameworks/QuartzCore.framework; sourceTree = SDKROOT; };
		E82ADDEE193F890900A7011A /* PVVISQuery.h */ = {isa = PBXFileReference; fileEncoding = 4; lastKnownFileType = sourcecode.c.h; name = PVVISQuery.h; path = Models/PVVISQuery.h; sourceTree = "<group>"; };
		E82ADDEF193F890900A7011A /* PVVISQuery.m */ = {isa = PBXFileReference; fileEncoding = 4; lastKnownFileType = sourcecode.c.objc; name = PVVISQuery.m; path = Models/PVVISQuery.m; sourceTree = "<group>"; };
		E82ADDF1193FE0C100A7011A /* PVVISQueryViewController.h */ = {isa = PBXFileReference; fileEncoding = 4; lastKnownFileType = sourcecode.c.h; name = PVVISQueryViewController.h; path = Controllers/PVVISQueryViewController.h; sourceTree = "<group>"; };
		E82ADDF2193FE0C100A7011A /* PVVISQueryViewController.m */ = {isa = PBXFileReference; fileEncoding = 4; lastKnownFileType = sourcecode.c.objc; name = PVVISQueryViewController.m; path = Controllers/PVVISQueryViewController.m; sourceTree = "<group>"; };
		E83BD098193BE72900D9D09F /* libPods-GRMustache.a */ = {isa = PBXFileReference; lastKnownFileType = archive.ar; name = "libPods-GRMustache.a"; path = "Pods/build/Debug-iphoneos/libPods-GRMustache.a"; sourceTree = "<group>"; };
		E83BD0A5193BF8E100D9D09F /* PVVISTag.h */ = {isa = PBXFileReference; fileEncoding = 4; lastKnownFileType = sourcecode.c.h; name = PVVISTag.h; path = Models/PVVISTag.h; sourceTree = "<group>"; };
		E83BD0A6193BF8E100D9D09F /* PVVISTag.m */ = {isa = PBXFileReference; fileEncoding = 4; lastKnownFileType = sourcecode.c.objc; name = PVVISTag.m; path = Models/PVVISTag.m; sourceTree = "<group>"; };
		E8457C0F1940C77800A8D57A /* PVVISQueryUITableViewCell.xib */ = {isa = PBXFileReference; fileEncoding = 4; lastKnownFileType = file.xib; name = PVVISQueryUITableViewCell.xib; path = Interfaces/PVVISQueryUITableViewCell.xib; sourceTree = "<group>"; };
		E8457C191940C7AE00A8D57A /* PVVISQueryUITableViewCell.h */ = {isa = PBXFileReference; fileEncoding = 4; lastKnownFileType = sourcecode.c.h; name = PVVISQueryUITableViewCell.h; path = Interfaces/PVVISQueryUITableViewCell.h; sourceTree = "<group>"; };
		E8457C1A1940C7AE00A8D57A /* PVVISQueryUITableViewCell.m */ = {isa = PBXFileReference; fileEncoding = 4; lastKnownFileType = sourcecode.c.objc; name = PVVISQueryUITableViewCell.m; path = Interfaces/PVVISQueryUITableViewCell.m; sourceTree = "<group>"; };
		E8457C2719412BB700A8D57A /* PVVISQueryUICollectionViewCell.h */ = {isa = PBXFileReference; fileEncoding = 4; lastKnownFileType = sourcecode.c.h; name = PVVISQueryUICollectionViewCell.h; path = Interfaces/PVVISQueryUICollectionViewCell.h; sourceTree = "<group>"; };
		E8457C2819412BB700A8D57A /* PVVISQueryUICollectionViewCell.m */ = {isa = PBXFileReference; fileEncoding = 4; lastKnownFileType = sourcecode.c.objc; name = PVVISQueryUICollectionViewCell.m; path = Interfaces/PVVISQueryUICollectionViewCell.m; sourceTree = "<group>"; };
		E8457C351943E94D00A8D57A /* PVVISConditionEditorViewController.h */ = {isa = PBXFileReference; fileEncoding = 4; lastKnownFileType = sourcecode.c.h; name = PVVISConditionEditorViewController.h; path = Controllers/PVVISConditionEditorViewController.h; sourceTree = "<group>"; };
		E8457C361943E94D00A8D57A /* PVVISConditionEditorViewController.m */ = {isa = PBXFileReference; fileEncoding = 4; lastKnownFileType = sourcecode.c.objc; name = PVVISConditionEditorViewController.m; path = Controllers/PVVISConditionEditorViewController.m; sourceTree = "<group>"; };
		E8457C371943E94D00A8D57A /* PVVISConditionEditorViewController.xib */ = {isa = PBXFileReference; fileEncoding = 4; lastKnownFileType = file.xib; name = PVVISConditionEditorViewController.xib; path = Controllers/PVVISConditionEditorViewController.xib; sourceTree = "<group>"; };
		E8457C3C1944A3DD00A8D57A /* map.png */ = {isa = PBXFileReference; lastKnownFileType = image.png; name = map.png; path = Assets/map.png; sourceTree = "<group>"; };
		E8457C3D1944A3DD00A8D57A /* map@2x.png */ = {isa = PBXFileReference; lastKnownFileType = image.png; name = "map@2x.png"; path = "Assets/map@2x.png"; sourceTree = "<group>"; };
		E8457C411944D53400A8D57A /* PVVISArea.h */ = {isa = PBXFileReference; fileEncoding = 4; lastKnownFileType = sourcecode.c.h; name = PVVISArea.h; path = Models/PVVISArea.h; sourceTree = "<group>"; };
		E8457C421944D53400A8D57A /* PVVISArea.m */ = {isa = PBXFileReference; fileEncoding = 4; lastKnownFileType = sourcecode.c.objc; name = PVVISArea.m; path = Models/PVVISArea.m; sourceTree = "<group>"; };
		E8457C441947307400A8D57A /* libsqlite3.0.dylib */ = {isa = PBXFileReference; lastKnownFileType = "compiled.mach-o.dylib"; name = libsqlite3.0.dylib; path = usr/lib/libsqlite3.0.dylib; sourceTree = SDKROOT; };
		E868D25B19632E46004F042C /* GoogleMaps.framework */ = {isa = PBXFileReference; lastKnownFileType = wrapper.framework; name = GoogleMaps.framework; path = Resources/GoogleMaps.framework; sourceTree = "<group>"; };
		E868D25D19632E57004F042C /* AVFoundation.framework */ = {isa = PBXFileReference; lastKnownFileType = wrapper.framework; name = AVFoundation.framework; path = System/Library/Frameworks/AVFoundation.framework; sourceTree = SDKROOT; };
		E868D25F19632E62004F042C /* CoreLocation.framework */ = {isa = PBXFileReference; lastKnownFileType = wrapper.framework; name = CoreLocation.framework; path = System/Library/Frameworks/CoreLocation.framework; sourceTree = SDKROOT; };
		E868D26119632E6D004F042C /* CoreText.framework */ = {isa = PBXFileReference; lastKnownFileType = wrapper.framework; name = CoreText.framework; path = System/Library/Frameworks/CoreText.framework; sourceTree = SDKROOT; };
		E868D26319632E78004F042C /* GLKit.framework */ = {isa = PBXFileReference; lastKnownFileType = wrapper.framework; name = GLKit.framework; path = System/Library/Frameworks/GLKit.framework; sourceTree = SDKROOT; };
		E868D26519632E82004F042C /* ImageIO.framework */ = {isa = PBXFileReference; lastKnownFileType = wrapper.framework; name = ImageIO.framework; path = System/Library/Frameworks/ImageIO.framework; sourceTree = SDKROOT; };
		E868D26719632E8F004F042C /* libc++.dylib */ = {isa = PBXFileReference; lastKnownFileType = "compiled.mach-o.dylib"; name = "libc++.dylib"; path = "usr/lib/libc++.dylib"; sourceTree = SDKROOT; };
		E868D26919632E9D004F042C /* libicucore.dylib */ = {isa = PBXFileReference; lastKnownFileType = "compiled.mach-o.dylib"; name = libicucore.dylib; path = usr/lib/libicucore.dylib; sourceTree = SDKROOT; };
		E868D26B19632EA8004F042C /* libz.dylib */ = {isa = PBXFileReference; lastKnownFileType = "compiled.mach-o.dylib"; name = libz.dylib; path = usr/lib/libz.dylib; sourceTree = SDKROOT; };
		E868D26D19632EB2004F042C /* OpenGLES.framework */ = {isa = PBXFileReference; lastKnownFileType = wrapper.framework; name = OpenGLES.framework; path = System/Library/Frameworks/OpenGLES.framework; sourceTree = SDKROOT; };
		E868D26F19632EC7004F042C /* SystemConfiguration.framework */ = {isa = PBXFileReference; lastKnownFileType = wrapper.framework; name = SystemConfiguration.framework; path = System/Library/Frameworks/SystemConfiguration.framework; sourceTree = SDKROOT; };
		E868D27119635D2D004F042C /* GoogleMaps.bundle */ = {isa = PBXFileReference; lastKnownFileType = "wrapper.plug-in"; path = GoogleMaps.bundle; sourceTree = "<group>"; };
		E868D276196371EF004F042C /* PVVISMarker.h */ = {isa = PBXFileReference; fileEncoding = 4; lastKnownFileType = sourcecode.c.h; name = PVVISMarker.h; path = Models/PVVISMarker.h; sourceTree = "<group>"; };
		E868D277196371EF004F042C /* PVVISMarker.m */ = {isa = PBXFileReference; fileEncoding = 4; lastKnownFileType = sourcecode.c.objc; name = PVVISMarker.m; path = Models/PVVISMarker.m; sourceTree = "<group>"; };
		E868D27919638CD6004F042C /* UIColor+PVVISColorSet.h */ = {isa = PBXFileReference; fileEncoding = 4; lastKnownFileType = sourcecode.c.h; name = "UIColor+PVVISColorSet.h"; path = "Support/UIColor+PVVISColorSet.h"; sourceTree = "<group>"; };
		E868D27A19638CD6004F042C /* UIColor+PVVISColorSet.m */ = {isa = PBXFileReference; fileEncoding = 4; lastKnownFileType = sourcecode.c.objc; name = "UIColor+PVVISColorSet.m"; path = "Support/UIColor+PVVISColorSet.m"; sourceTree = "<group>"; };
		E868D27C19642129004F042C /* PVVISDataSetLoadingView.xib */ = {isa = PBXFileReference; fileEncoding = 4; lastKnownFileType = file.xib; name = PVVISDataSetLoadingView.xib; path = Interfaces/PVVISDataSetLoadingView.xib; sourceTree = "<group>"; };
		E868D27E196433D5004F042C /* PVVISPolygon.h */ = {isa = PBXFileReference; fileEncoding = 4; lastKnownFileType = sourcecode.c.h; name = PVVISPolygon.h; path = Models/PVVISPolygon.h; sourceTree = "<group>"; };
		E868D27F196433D5004F042C /* PVVISPolygon.m */ = {isa = PBXFileReference; fileEncoding = 4; lastKnownFileType = sourcecode.c.objc; name = PVVISPolygon.m; path = Models/PVVISPolygon.m; sourceTree = "<group>"; };
		E868D28319702119004F042C /* PVVISQueryUICollectionHeader.h */ = {isa = PBXFileReference; fileEncoding = 4; lastKnownFileType = sourcecode.c.h; name = PVVISQueryUICollectionHeader.h; path = Interfaces/PVVISQueryUICollectionHeader.h; sourceTree = "<group>"; };
		E868D28419702119004F042C /* PVVISQueryUICollectionHeader.m */ = {isa = PBXFileReference; fileEncoding = 4; lastKnownFileType = sourcecode.c.objc; name = PVVISQueryUICollectionHeader.m; path = Interfaces/PVVISQueryUICollectionHeader.m; sourceTree = "<group>"; };
		E868D28E1970212C004F042C /* PVVISQueryUICollectionHeader.xib */ = {isa = PBXFileReference; fileEncoding = 4; lastKnownFileType = file.xib; name = PVVISQueryUICollectionHeader.xib; path = Interfaces/PVVISQueryUICollectionHeader.xib; sourceTree = "<group>"; };
		E868D29019703CF4004F042C /* PVVISMarker.xib */ = {isa = PBXFileReference; fileEncoding = 4; lastKnownFileType = file.xib; name = PVVISMarker.xib; path = Interfaces/PVVISMarker.xib; sourceTree = "<group>"; };
		E868D2921970403A004F042C /* marker-bottom.png */ = {isa = PBXFileReference; lastKnownFileType = image.png; name = "marker-bottom.png"; path = "Assets/marker-bottom.png"; sourceTree = "<group>"; };
		E868D2931970403A004F042C /* marker-bottom@2x.png */ = {isa = PBXFileReference; lastKnownFileType = image.png; name = "marker-bottom@2x.png"; path = "Assets/marker-bottom@2x.png"; sourceTree = "<group>"; };
		E868D29719709E92004F042C /* edit-map@2x.png */ = {isa = PBXFileReference; lastKnownFileType = image.png; name = "edit-map@2x.png"; path = "Assets/edit-map@2x.png"; sourceTree = "<group>"; };
		E868D29A1970A100004F042C /* edit-map.png */ = {isa = PBXFileReference; lastKnownFileType = image.png; name = "edit-map.png"; path = "Assets/edit-map.png"; sourceTree = "<group>"; };
		E868D29C1970AD3C004F042C /* PVVISTutorialView.h */ = {isa = PBXFileReference; fileEncoding = 4; lastKnownFileType = sourcecode.c.h; name = PVVISTutorialView.h; path = Interfaces/PVVISTutorialView.h; sourceTree = "<group>"; };
		E868D29D1970AD3C004F042C /* PVVISTutorialView.m */ = {isa = PBXFileReference; fileEncoding = 4; lastKnownFileType = sourcecode.c.objc; name = PVVISTutorialView.m; path = Interfaces/PVVISTutorialView.m; sourceTree = "<group>"; };
		E868D29F1970AD50004F042C /* PVVISTutorialView.xib */ = {isa = PBXFileReference; fileEncoding = 4; lastKnownFileType = file.xib; name = PVVISTutorialView.xib; path = Interfaces/PVVISTutorialView.xib; sourceTree = "<group>"; };
		E868D2A11970AF62004F042C /* corner-top-left.png */ = {isa = PBXFileReference; lastKnownFileType = image.png; name = "corner-top-left.png"; path = "Assets/corner-top-left.png"; sourceTree = "<group>"; };
		E868D2A31970AFA7004F042C /* corner-top-right.png */ = {isa = PBXFileReference; lastKnownFileType = image.png; name = "corner-top-right.png"; path = "Assets/corner-top-right.png"; sourceTree = "<group>"; };
		E868D2A51970B02B004F042C /* corner-bottom-left.png */ = {isa = PBXFileReference; lastKnownFileType = image.png; name = "corner-bottom-left.png"; path = "Assets/corner-bottom-left.png"; sourceTree = "<group>"; };
		E868D2A61970B02B004F042C /* corner-bottom-right.png */ = {isa = PBXFileReference; lastKnownFileType = image.png; name = "corner-bottom-right.png"; path = "Assets/corner-bottom-right.png"; sourceTree = "<group>"; };
		E868D2A91971A92E004F042C /* zoom-in.png */ = {isa = PBXFileReference; lastKnownFileType = image.png; name = "zoom-in.png"; path = "Assets/zoom-in.png"; sourceTree = "<group>"; };
		E868D2AA1971A92E004F042C /* zoom-in@2x.png */ = {isa = PBXFileReference; lastKnownFileType = image.png; name = "zoom-in@2x.png"; path = "Assets/zoom-in@2x.png"; sourceTree = "<group>"; };
		E868D2AB1971A92E004F042C /* zoom-out.png */ = {isa = PBXFileReference; lastKnownFileType = image.png; name = "zoom-out.png"; path = "Assets/zoom-out.png"; sourceTree = "<group>"; };
		E868D2AC1971A92E004F042C /* zoom-out@2x.png */ = {isa = PBXFileReference; lastKnownFileType = image.png; name = "zoom-out@2x.png"; path = "Assets/zoom-out@2x.png"; sourceTree = "<group>"; };
		E868D2B11971AAF8004F042C /* GCGeocodingService.h */ = {isa = PBXFileReference; fileEncoding = 4; lastKnownFileType = sourcecode.c.h; name = GCGeocodingService.h; path = Support/GCGeocodingService.h; sourceTree = "<group>"; };
		E868D2B21971AAF8004F042C /* GCGeocodingService.m */ = {isa = PBXFileReference; fileEncoding = 4; lastKnownFileType = sourcecode.c.objc; name = GCGeocodingService.m; path = Support/GCGeocodingService.m; sourceTree = "<group>"; };
		E868D2B41972E3AB004F042C /* corner-bottom-left@2x.png */ = {isa = PBXFileReference; lastKnownFileType = image.png; name = "corner-bottom-left@2x.png"; path = "Assets/corner-bottom-left@2x.png"; sourceTree = "<group>"; };
		E868D2B51972E3AB004F042C /* corner-bottom-right@2x.png */ = {isa = PBXFileReference; lastKnownFileType = image.png; name = "corner-bottom-right@2x.png"; path = "Assets/corner-bottom-right@2x.png"; sourceTree = "<group>"; };
		E868D2B61972E3AB004F042C /* corner-top-left@2x.png */ = {isa = PBXFileReference; lastKnownFileType = image.png; name = "corner-top-left@2x.png"; path = "Assets/corner-top-left@2x.png"; sourceTree = "<group>"; };
		E868D2B71972E3AB004F042C /* corner-top-right@2x.png */ = {isa = PBXFileReference; lastKnownFileType = image.png; name = "corner-top-right@2x.png"; path = "Assets/corner-top-right@2x.png"; sourceTree = "<group>"; };
		E868D2BC1972E7C8004F042C /* PVVISTutorial.h */ = {isa = PBXFileReference; fileEncoding = 4; lastKnownFileType = sourcecode.c.h; name = PVVISTutorial.h; path = Models/PVVISTutorial.h; sourceTree = "<group>"; };
		E868D2BD1972E7C8004F042C /* PVVISTutorial.m */ = {isa = PBXFileReference; fileEncoding = 4; lastKnownFileType = sourcecode.c.objc; name = PVVISTutorial.m; path = Models/PVVISTutorial.m; sourceTree = "<group>"; };
		E86B16DB1933E98C000DDF18 /* PVVISMapViewController.h */ = {isa = PBXFileReference; fileEncoding = 4; lastKnownFileType = sourcecode.c.h; name = PVVISMapViewController.h; path = Controllers/PVVISMapViewController.h; sourceTree = "<group>"; };
		E86B16DC1933E98C000DDF18 /* PVVISMapViewController.m */ = {isa = PBXFileReference; fileEncoding = 4; lastKnownFileType = sourcecode.c.objc; name = PVVISMapViewController.m; path = Controllers/PVVISMapViewController.m; sourceTree = "<group>"; };
		E86B16DD1933E98C000DDF18 /* PVVISMapViewController.xib */ = {isa = PBXFileReference; fileEncoding = 4; lastKnownFileType = file.xib; name = PVVISMapViewController.xib; path = Controllers/PVVISMapViewController.xib; sourceTree = "<group>"; };
		E86B16E01933EB2C000DDF18 /* MapKit.framework */ = {isa = PBXFileReference; lastKnownFileType = wrapper.framework; name = MapKit.framework; path = System/Library/Frameworks/MapKit.framework; sourceTree = SDKROOT; };
		E86B16E21933F2B6000DDF18 /* FilterUIConfiguration.plist */ = {isa = PBXFileReference; fileEncoding = 4; lastKnownFileType = text.plist.xml; name = FilterUIConfiguration.plist; path = Controllers/FilterUIConfiguration.plist; sourceTree = "<group>"; };
		E86B1741193532DF000DDF18 /* PVVISSparqlOverHTTP.h */ = {isa = PBXFileReference; fileEncoding = 4; lastKnownFileType = sourcecode.c.h; name = PVVISSparqlOverHTTP.h; path = Support/PVVISSparqlOverHTTP.h; sourceTree = "<group>"; };
		E86B1742193532DF000DDF18 /* PVVISSparqlOverHTTP.m */ = {isa = PBXFileReference; fileEncoding = 4; lastKnownFileType = sourcecode.c.objc; name = PVVISSparqlOverHTTP.m; path = Support/PVVISSparqlOverHTTP.m; sourceTree = "<group>"; };
		E86B174419353943000DDF18 /* PVVISSparqlOverHttpRequestSerializer.h */ = {isa = PBXFileReference; fileEncoding = 4; lastKnownFileType = sourcecode.c.h; name = PVVISSparqlOverHttpRequestSerializer.h; path = Support/PVVISSparqlOverHttpRequestSerializer.h; sourceTree = "<group>"; };
		E86B174519353943000DDF18 /* PVVISSparqlOverHttpRequestSerializer.m */ = {isa = PBXFileReference; fileEncoding = 4; lastKnownFileType = sourcecode.c.objc; name = PVVISSparqlOverHttpRequestSerializer.m; path = Support/PVVISSparqlOverHttpRequestSerializer.m; sourceTree = "<group>"; };
		E86B1747193543ED000DDF18 /* PVVISSparqlOverHTTPResponseSerializer.h */ = {isa = PBXFileReference; fileEncoding = 4; lastKnownFileType = sourcecode.c.h; name = PVVISSparqlOverHTTPResponseSerializer.h; path = Support/PVVISSparqlOverHTTPResponseSerializer.h; sourceTree = "<group>"; };
		E86B1748193543ED000DDF18 /* PVVISSparqlOverHTTPResponseSerializer.m */ = {isa = PBXFileReference; fileEncoding = 4; lastKnownFileType = sourcecode.c.objc; name = PVVISSparqlOverHTTPResponseSerializer.m; path = Support/PVVISSparqlOverHTTPResponseSerializer.m; sourceTree = "<group>"; };
		E86B174A1937FC96000DDF18 /* config.plist */ = {isa = PBXFileReference; fileEncoding = 4; lastKnownFileType = text.plist.xml; path = config.plist; sourceTree = "<group>"; };
		E86B174C1937FD87000DDF18 /* PVVISConfig.h */ = {isa = PBXFileReference; fileEncoding = 4; lastKnownFileType = sourcecode.c.h; name = PVVISConfig.h; path = Support/PVVISConfig.h; sourceTree = "<group>"; };
		E86B174D1937FD87000DDF18 /* PVVISConfig.m */ = {isa = PBXFileReference; fileEncoding = 4; lastKnownFileType = sourcecode.c.objc; name = PVVISConfig.m; path = Support/PVVISConfig.m; sourceTree = "<group>"; };
		E86B174F193807D5000DDF18 /* PVVISDataStore.h */ = {isa = PBXFileReference; fileEncoding = 4; lastKnownFileType = sourcecode.c.h; name = PVVISDataStore.h; path = Support/PVVISDataStore.h; sourceTree = "<group>"; };
		E86B1750193807D5000DDF18 /* PVVISDataStore.m */ = {isa = PBXFileReference; fileEncoding = 4; lastKnownFileType = sourcecode.c.objc; name = PVVISDataStore.m; path = Support/PVVISDataStore.m; sourceTree = "<group>"; };
		E86B17521938ABFC000DDF18 /* NSString+URLEncoding.h */ = {isa = PBXFileReference; fileEncoding = 4; lastKnownFileType = sourcecode.c.h; name = "NSString+URLEncoding.h"; path = "Support/NSString+URLEncoding.h"; sourceTree = "<group>"; };
		E86B17531938ABFC000DDF18 /* NSString+URLEncoding.m */ = {isa = PBXFileReference; fileEncoding = 4; lastKnownFileType = sourcecode.c.objc; name = "NSString+URLEncoding.m"; path = "Support/NSString+URLEncoding.m"; sourceTree = "<group>"; };
		E86B1757193BD554000DDF18 /* PVVISEvent.h */ = {isa = PBXFileReference; fileEncoding = 4; lastKnownFileType = sourcecode.c.h; name = PVVISEvent.h; path = Models/PVVISEvent.h; sourceTree = "<group>"; };
		E86B1758193BD554000DDF18 /* PVVISEvent.m */ = {isa = PBXFileReference; fileEncoding = 4; lastKnownFileType = sourcecode.c.objc; name = PVVISEvent.m; path = Models/PVVISEvent.m; sourceTree = "<group>"; };
		E8CAF0C0192F92A400884C20 /* PVGeoVisualisationMobile.app */ = {isa = PBXFileReference; explicitFileType = wrapper.application; includeInIndex = 0; path = PVGeoVisualisationMobile.app; sourceTree = BUILT_PRODUCTS_DIR; };
		E8CAF0C3192F92A400884C20 /* Foundation.framework */ = {isa = PBXFileReference; lastKnownFileType = wrapper.framework; name = Foundation.framework; path = System/Library/Frameworks/Foundation.framework; sourceTree = SDKROOT; };
		E8CAF0C5192F92A400884C20 /* CoreGraphics.framework */ = {isa = PBXFileReference; lastKnownFileType = wrapper.framework; name = CoreGraphics.framework; path = System/Library/Frameworks/CoreGraphics.framework; sourceTree = SDKROOT; };
		E8CAF0C7192F92A400884C20 /* UIKit.framework */ = {isa = PBXFileReference; lastKnownFileType = wrapper.framework; name = UIKit.framework; path = System/Library/Frameworks/UIKit.framework; sourceTree = SDKROOT; };
		E8CAF0C9192F92A400884C20 /* CoreData.framework */ = {isa = PBXFileReference; lastKnownFileType = wrapper.framework; name = CoreData.framework; path = System/Library/Frameworks/CoreData.framework; sourceTree = SDKROOT; };
		E8CAF0CD192F92A400884C20 /* PVGeoVisualisationMobile-Info.plist */ = {isa = PBXFileReference; lastKnownFileType = text.plist.xml; path = "PVGeoVisualisationMobile-Info.plist"; sourceTree = "<group>"; };
		E8CAF0CF192F92A400884C20 /* en */ = {isa = PBXFileReference; lastKnownFileType = text.plist.strings; name = en; path = en.lproj/InfoPlist.strings; sourceTree = "<group>"; };
		E8CAF0D1192F92A400884C20 /* main.m */ = {isa = PBXFileReference; lastKnownFileType = sourcecode.c.objc; path = main.m; sourceTree = "<group>"; };
		E8CAF0D3192F92A400884C20 /* PVGeoVisualisationMobile-Prefix.pch */ = {isa = PBXFileReference; lastKnownFileType = sourcecode.c.h; path = "PVGeoVisualisationMobile-Prefix.pch"; sourceTree = "<group>"; };
		E8CAF0D4192F92A400884C20 /* PVVISAppDelegate.h */ = {isa = PBXFileReference; lastKnownFileType = sourcecode.c.h; path = PVVISAppDelegate.h; sourceTree = "<group>"; };
		E8CAF0D5192F92A400884C20 /* PVVISAppDelegate.m */ = {isa = PBXFileReference; lastKnownFileType = sourcecode.c.objc; path = PVVISAppDelegate.m; sourceTree = "<group>"; };
		E8CAF0D8192F92A400884C20 /* PVGeoVisualisationMobile.xcdatamodel */ = {isa = PBXFileReference; lastKnownFileType = wrapper.xcdatamodel; path = PVGeoVisualisationMobile.xcdatamodel; sourceTree = "<group>"; };
		E8CAF0DA192F92A400884C20 /* Images.xcassets */ = {isa = PBXFileReference; lastKnownFileType = folder.assetcatalog; path = Images.xcassets; sourceTree = "<group>"; };
		E8CAF0E0192F92A400884C20 /* PVGeoVisualisationMobileTests.xctest */ = {isa = PBXFileReference; explicitFileType = wrapper.cfbundle; includeInIndex = 0; path = PVGeoVisualisationMobileTests.xctest; sourceTree = BUILT_PRODUCTS_DIR; };
		E8CAF0E1192F92A400884C20 /* XCTest.framework */ = {isa = PBXFileReference; lastKnownFileType = wrapper.framework; name = XCTest.framework; path = Library/Frameworks/XCTest.framework; sourceTree = DEVELOPER_DIR; };
		E8CAF0EA192F92A400884C20 /* PVGeoVisualisationMobileTests-Info.plist */ = {isa = PBXFileReference; lastKnownFileType = text.plist.xml; path = "PVGeoVisualisationMobileTests-Info.plist"; sourceTree = "<group>"; };
		E8CAF0EC192F92A400884C20 /* en */ = {isa = PBXFileReference; lastKnownFileType = text.plist.strings; name = en; path = en.lproj/InfoPlist.strings; sourceTree = "<group>"; };
		E8CAF0EE192F92A400884C20 /* PVGeoVisualisationMobileTests.m */ = {isa = PBXFileReference; lastKnownFileType = sourcecode.c.objc; path = PVGeoVisualisationMobileTests.m; sourceTree = "<group>"; };
		E8CAF0F8192F9BA200884C20 /* Redland.xcodeproj */ = {isa = PBXFileReference; lastKnownFileType = "wrapper.pb-project"; name = Redland.xcodeproj; path = "Redland-ObjC/Redland.xcodeproj"; sourceTree = "<group>"; };
		E8CAF10C192F9BFA00884C20 /* libxml2.dylib */ = {isa = PBXFileReference; lastKnownFileType = "compiled.mach-o.dylib"; name = libxml2.dylib; path = usr/lib/libxml2.dylib; sourceTree = SDKROOT; };
		E8CAF10E192F9C0600884C20 /* libxslt.dylib */ = {isa = PBXFileReference; lastKnownFileType = "compiled.mach-o.dylib"; name = libxslt.dylib; path = usr/lib/libxslt.dylib; sourceTree = SDKROOT; };
		E8CAF110192F9C1000884C20 /* libsqlite3.dylib */ = {isa = PBXFileReference; lastKnownFileType = "compiled.mach-o.dylib"; name = libsqlite3.dylib; path = usr/lib/libsqlite3.dylib; sourceTree = SDKROOT; };
		F7A3CC5A98E34FCF9134C592 /* libPods.a */ = {isa = PBXFileReference; explicitFileType = archive.ar; includeInIndex = 0; path = libPods.a; sourceTree = BUILT_PRODUCTS_DIR; };
/* End PBXFileReference section */

/* Begin PBXFrameworksBuildPhase section */
		E8CAF0BD192F92A400884C20 /* Frameworks */ = {
			isa = PBXFrameworksBuildPhase;
			buildActionMask = 2147483647;
			files = (
				E868D25C19632E46004F042C /* GoogleMaps.framework in Frameworks */,
				E868D27019632EC7004F042C /* SystemConfiguration.framework in Frameworks */,
				E82ADDEA193F600A00A7011A /* QuartzCore.framework in Frameworks */,
				E868D26E19632EB2004F042C /* OpenGLES.framework in Frameworks */,
				E868D26C19632EA8004F042C /* libz.dylib in Frameworks */,
				E868D26A19632E9D004F042C /* libicucore.dylib in Frameworks */,
				E868D26819632E8F004F042C /* libc++.dylib in Frameworks */,
				E868D26619632E82004F042C /* ImageIO.framework in Frameworks */,
				E868D26419632E78004F042C /* GLKit.framework in Frameworks */,
				E868D26219632E6D004F042C /* CoreText.framework in Frameworks */,
				E868D26019632E62004F042C /* CoreLocation.framework in Frameworks */,
				E868D25E19632E57004F042C /* AVFoundation.framework in Frameworks */,
				E8CAF0CA192F92A400884C20 /* CoreData.framework in Frameworks */,
				E8457C451947307400A8D57A /* libsqlite3.0.dylib in Frameworks */,
				E8CAF111192F9C1000884C20 /* libsqlite3.dylib in Frameworks */,
				E8CAF10F192F9C0600884C20 /* libxslt.dylib in Frameworks */,
				E8CAF10D192F9BFA00884C20 /* libxml2.dylib in Frameworks */,
				E8CAF10B192F9BF100884C20 /* libredland-ios.a in Frameworks */,
				E8CAF0C6192F92A400884C20 /* CoreGraphics.framework in Frameworks */,
				E8CAF0C8192F92A400884C20 /* UIKit.framework in Frameworks */,
				E8CAF0C4192F92A400884C20 /* Foundation.framework in Frameworks */,
				0329CD8624584C0B84952E54 /* libPods.a in Frameworks */,
			);
			runOnlyForDeploymentPostprocessing = 0;
		};
		E8CAF0DD192F92A400884C20 /* Frameworks */ = {
			isa = PBXFrameworksBuildPhase;
			buildActionMask = 2147483647;
			files = (
				E8CAF0E2192F92A400884C20 /* XCTest.framework in Frameworks */,
				E8CAF0E5192F92A400884C20 /* CoreData.framework in Frameworks */,
				E8CAF0E4192F92A400884C20 /* UIKit.framework in Frameworks */,
				E8CAF0E3192F92A400884C20 /* Foundation.framework in Frameworks */,
			);
			runOnlyForDeploymentPostprocessing = 0;
		};
/* End PBXFrameworksBuildPhase section */

/* Begin PBXGroup section */
		E82ADDCF193D130D00A7011A /* Views */ = {
			isa = PBXGroup;
			children = (
				E82ADDDA193D137800A7011A /* PVVISEventPopoverView.h */,
				E82ADDDB193D137800A7011A /* PVVISEventPopoverView.m */,
				E82ADDE2193E13E600A7011A /* PVVISEventPopoverTableViewCell.h */,
				E82ADDE3193E13E600A7011A /* PVVISEventPopoverTableViewCell.m */,
				E8457C191940C7AE00A8D57A /* PVVISQueryUITableViewCell.h */,
				E8457C1A1940C7AE00A8D57A /* PVVISQueryUITableViewCell.m */,
				E8457C2719412BB700A8D57A /* PVVISQueryUICollectionViewCell.h */,
				E8457C2819412BB700A8D57A /* PVVISQueryUICollectionViewCell.m */,
				E8111313195F0BB000735422 /* PVVISConditionPickerTableViewCell.h */,
				E8111314195F0BB000735422 /* PVVISConditionPickerTableViewCell.m */,
				E868D28319702119004F042C /* PVVISQueryUICollectionHeader.h */,
				E868D28419702119004F042C /* PVVISQueryUICollectionHeader.m */,
				E868D29C1970AD3C004F042C /* PVVISTutorialView.h */,
				E868D29D1970AD3C004F042C /* PVVISTutorialView.m */,
			);
			name = Views;
			sourceTree = "<group>";
		};
		E82ADE4F1940BB4200A7011A /* Sparql Over HTTP */ = {
			isa = PBXGroup;
			children = (
				E86B1741193532DF000DDF18 /* PVVISSparqlOverHTTP.h */,
				E86B1742193532DF000DDF18 /* PVVISSparqlOverHTTP.m */,
				E86B174419353943000DDF18 /* PVVISSparqlOverHttpRequestSerializer.h */,
				E86B174519353943000DDF18 /* PVVISSparqlOverHttpRequestSerializer.m */,
				E86B1747193543ED000DDF18 /* PVVISSparqlOverHTTPResponseSerializer.h */,
				E86B1748193543ED000DDF18 /* PVVISSparqlOverHTTPResponseSerializer.m */,
				E86B17521938ABFC000DDF18 /* NSString+URLEncoding.h */,
				E86B17531938ABFC000DDF18 /* NSString+URLEncoding.m */,
			);
			name = "Sparql Over HTTP";
			sourceTree = "<group>";
		};
		E82ADE501940BB9500A7011A /* Layouts */ = {
			isa = PBXGroup;
			children = (
				E811131B195F0F6E00735422 /* PVVISEventPopoverTableViewCell.xib */,
				E82ADDDD193D139000A7011A /* PVVISEventPopoverView.xib */,
				E86B16DD1933E98C000DDF18 /* PVVISMapViewController.xib */,
				E81112D3194BDEA700735422 /* PVVISQueryViewController.xib */,
				E8457C0F1940C77800A8D57A /* PVVISQueryUITableViewCell.xib */,
				E81112DF194CCC4100735422 /* PVVISQueryUICollectionViewCell.xib */,
				E8457C371943E94D00A8D57A /* PVVISConditionEditorViewController.xib */,
				E8111315195F0BB000735422 /* PVVISConditionPickerTableViewCell.xib */,
				E868D27C19642129004F042C /* PVVISDataSetLoadingView.xib */,
				E868D28E1970212C004F042C /* PVVISQueryUICollectionHeader.xib */,
				E868D29019703CF4004F042C /* PVVISMarker.xib */,
				E868D29F1970AD50004F042C /* PVVISTutorialView.xib */,
			);
			name = Layouts;
			sourceTree = "<group>";
		};
		E8457C401944A3E300A8D57A /* Assets */ = {
			isa = PBXGroup;
			children = (
				E868D2B41972E3AB004F042C /* corner-bottom-left@2x.png */,
				E868D2B51972E3AB004F042C /* corner-bottom-right@2x.png */,
				E868D2B61972E3AB004F042C /* corner-top-left@2x.png */,
				E868D2B71972E3AB004F042C /* corner-top-right@2x.png */,
				E868D2A91971A92E004F042C /* zoom-in.png */,
				E868D2AA1971A92E004F042C /* zoom-in@2x.png */,
				E868D2AB1971A92E004F042C /* zoom-out.png */,
				E868D2AC1971A92E004F042C /* zoom-out@2x.png */,
				E868D2A51970B02B004F042C /* corner-bottom-left.png */,
				E868D2A61970B02B004F042C /* corner-bottom-right.png */,
				E868D2A31970AFA7004F042C /* corner-top-right.png */,
				E868D2A11970AF62004F042C /* corner-top-left.png */,
				E868D29A1970A100004F042C /* edit-map.png */,
				E868D29719709E92004F042C /* edit-map@2x.png */,
				E868D2921970403A004F042C /* marker-bottom.png */,
				E868D2931970403A004F042C /* marker-bottom@2x.png */,
				E811131D1960546600735422 /* search.png */,
				E811131E1960546600735422 /* search@2x.png */,
				E811130C195CDC0500735422 /* closeWhite.png */,
				E811130D195CDC0500735422 /* closeWhite@2x.png */,
				E8111306195CBB1E00735422 /* close.png */,
				E8111307195CBB1E00735422 /* close@2x.png */,
				E81112FE195CAD0E00735422 /* redo.png */,
				E81112FF195CAD0E00735422 /* redo@2x.png */,
				E8111300195CAD0E00735422 /* undo.png */,
				E8111301195CAD0E00735422 /* undo@2x.png */,
				E81112FA195C921400735422 /* reload.png */,
				E81112FB195C921400735422 /* reload@2x.png */,
				E81112F6195C723A00735422 /* back.png */,
				E81112F7195C723A00735422 /* back@2x.png */,
				E8457C3C1944A3DD00A8D57A /* map.png */,
				E8457C3D1944A3DD00A8D57A /* map@2x.png */,
			);
			name = Assets;
			sourceTree = "<group>";
		};
		E86B16D21933E95F000DDF18 /* Controllers */ = {
			isa = PBXGroup;
			children = (
				E86B16DB1933E98C000DDF18 /* PVVISMapViewController.h */,
				E86B16DC1933E98C000DDF18 /* PVVISMapViewController.m */,
				E82ADDDF193D2E3000A7011A /* PVVISEventPopoverViewController.h */,
				E82ADDE0193D2E3000A7011A /* PVVISEventPopoverViewController.m */,
				E82ADDF1193FE0C100A7011A /* PVVISQueryViewController.h */,
				E82ADDF2193FE0C100A7011A /* PVVISQueryViewController.m */,
				E8457C351943E94D00A8D57A /* PVVISConditionEditorViewController.h */,
				E8457C361943E94D00A8D57A /* PVVISConditionEditorViewController.m */,
			);
			name = Controllers;
			sourceTree = "<group>";
		};
		E86B16FF19352855000DDF18 /* Models */ = {
			isa = PBXGroup;
			children = (
				E8111318195F0F6200735422 /* PVVISLocation.h */,
				E8111319195F0F6200735422 /* PVVISLocation.m */,
				E86B1757193BD554000DDF18 /* PVVISEvent.h */,
				E86B1758193BD554000DDF18 /* PVVISEvent.m */,
				E83BD0A5193BF8E100D9D09F /* PVVISTag.h */,
				E83BD0A6193BF8E100D9D09F /* PVVISTag.m */,
				E82ADDEE193F890900A7011A /* PVVISQuery.h */,
				E82ADDEF193F890900A7011A /* PVVISQuery.m */,
				E8457C411944D53400A8D57A /* PVVISArea.h */,
				E8457C421944D53400A8D57A /* PVVISArea.m */,
				E8111310195DCEE800735422 /* PVVISCondition.h */,
				E8111311195DCEE800735422 /* PVVISCondition.m */,
				E868D276196371EF004F042C /* PVVISMarker.h */,
				E868D277196371EF004F042C /* PVVISMarker.m */,
				E868D27E196433D5004F042C /* PVVISPolygon.h */,
				E868D27F196433D5004F042C /* PVVISPolygon.m */,
				E868D2BC1972E7C8004F042C /* PVVISTutorial.h */,
				E868D2BD1972E7C8004F042C /* PVVISTutorial.m */,
			);
			name = Models;
			sourceTree = "<group>";
		};
		E86B170419352ADB000DDF18 /* Support */ = {
			isa = PBXGroup;
			children = (
				E86B174C1937FD87000DDF18 /* PVVISConfig.h */,
				E86B174D1937FD87000DDF18 /* PVVISConfig.m */,
				E86B174F193807D5000DDF18 /* PVVISDataStore.h */,
				E86B1750193807D5000DDF18 /* PVVISDataStore.m */,
				E81112E1194CCFC200735422 /* UIImage+StackBlur.h */,
				E81112E2194CCFC200735422 /* UIImage+StackBlur.m */,
				E868D27919638CD6004F042C /* UIColor+PVVISColorSet.h */,
				E868D27A19638CD6004F042C /* UIColor+PVVISColorSet.m */,
				E868D2B11971AAF8004F042C /* GCGeocodingService.h */,
				E868D2B21971AAF8004F042C /* GCGeocodingService.m */,
			);
			name = Support;
			sourceTree = "<group>";
		};
		E8CAF0B7192F92A400884C20 = {
			isa = PBXGroup;
			children = (
				E8CAF0F8192F9BA200884C20 /* Redland.xcodeproj */,
				E8CAF0CB192F92A400884C20 /* PVGeoVisualisationMobile */,
				E8CAF0E8192F92A400884C20 /* PVGeoVisualisationMobileTests */,
				E8CAF0C2192F92A400884C20 /* Frameworks */,
				E8CAF0C1192F92A400884C20 /* Products */,
				E3408F6957504BF1818D98FE /* Pods.xcconfig */,
			);
			sourceTree = "<group>";
		};
		E8CAF0C1192F92A400884C20 /* Products */ = {
			isa = PBXGroup;
			children = (
				E8CAF0C0192F92A400884C20 /* PVGeoVisualisationMobile.app */,
				E8CAF0E0192F92A400884C20 /* PVGeoVisualisationMobileTests.xctest */,
			);
			name = Products;
			sourceTree = "<group>";
		};
		E8CAF0C2192F92A400884C20 /* Frameworks */ = {
			isa = PBXGroup;
			children = (
				E868D27119635D2D004F042C /* GoogleMaps.bundle */,
				E868D26F19632EC7004F042C /* SystemConfiguration.framework */,
				E868D26D19632EB2004F042C /* OpenGLES.framework */,
				E868D26B19632EA8004F042C /* libz.dylib */,
				E868D26919632E9D004F042C /* libicucore.dylib */,
				E868D26719632E8F004F042C /* libc++.dylib */,
				E868D26519632E82004F042C /* ImageIO.framework */,
				E868D26319632E78004F042C /* GLKit.framework */,
				E868D26119632E6D004F042C /* CoreText.framework */,
				E868D25F19632E62004F042C /* CoreLocation.framework */,
				E868D25D19632E57004F042C /* AVFoundation.framework */,
				E868D25B19632E46004F042C /* GoogleMaps.framework */,
				E8457C441947307400A8D57A /* libsqlite3.0.dylib */,
				E82ADDE9193F600A00A7011A /* QuartzCore.framework */,
				E83BD098193BE72900D9D09F /* libPods-GRMustache.a */,
				E86B16E01933EB2C000DDF18 /* MapKit.framework */,
				E8CAF110192F9C1000884C20 /* libsqlite3.dylib */,
				E8CAF10E192F9C0600884C20 /* libxslt.dylib */,
				E8CAF10C192F9BFA00884C20 /* libxml2.dylib */,
				E8CAF0C3192F92A400884C20 /* Foundation.framework */,
				E8CAF0C5192F92A400884C20 /* CoreGraphics.framework */,
				E8CAF0C7192F92A400884C20 /* UIKit.framework */,
				E8CAF0C9192F92A400884C20 /* CoreData.framework */,
				E8CAF0E1192F92A400884C20 /* XCTest.framework */,
				F7A3CC5A98E34FCF9134C592 /* libPods.a */,
			);
			name = Frameworks;
			sourceTree = "<group>";
		};
		E8CAF0CB192F92A400884C20 /* PVGeoVisualisationMobile */ = {
			isa = PBXGroup;
			children = (
				E8457C401944A3E300A8D57A /* Assets */,
				E86B170419352ADB000DDF18 /* Support */,
				E82ADE4F1940BB4200A7011A /* Sparql Over HTTP */,
				E82ADE501940BB9500A7011A /* Layouts */,
				E82ADDCF193D130D00A7011A /* Views */,
				E86B16FF19352855000DDF18 /* Models */,
				E86B16D21933E95F000DDF18 /* Controllers */,
				E8CAF0D4192F92A400884C20 /* PVVISAppDelegate.h */,
				E8CAF0D5192F92A400884C20 /* PVVISAppDelegate.m */,
				E8CAF0DA192F92A400884C20 /* Images.xcassets */,
				E8CAF0D7192F92A400884C20 /* PVGeoVisualisationMobile.xcdatamodeld */,
				E8CAF0CC192F92A400884C20 /* Supporting Files */,
				E86B16E21933F2B6000DDF18 /* FilterUIConfiguration.plist */,
				E86B174A1937FC96000DDF18 /* config.plist */,
			);
			path = PVGeoVisualisationMobile;
			sourceTree = "<group>";
		};
		E8CAF0CC192F92A400884C20 /* Supporting Files */ = {
			isa = PBXGroup;
			children = (
				E8CAF0CD192F92A400884C20 /* PVGeoVisualisationMobile-Info.plist */,
				E8CAF0CE192F92A400884C20 /* InfoPlist.strings */,
				E8CAF0D1192F92A400884C20 /* main.m */,
				E8CAF0D3192F92A400884C20 /* PVGeoVisualisationMobile-Prefix.pch */,
			);
			name = "Supporting Files";
			sourceTree = "<group>";
		};
		E8CAF0E8192F92A400884C20 /* PVGeoVisualisationMobileTests */ = {
			isa = PBXGroup;
			children = (
				E8CAF0EE192F92A400884C20 /* PVGeoVisualisationMobileTests.m */,
				E8CAF0E9192F92A400884C20 /* Supporting Files */,
			);
			path = PVGeoVisualisationMobileTests;
			sourceTree = "<group>";
		};
		E8CAF0E9192F92A400884C20 /* Supporting Files */ = {
			isa = PBXGroup;
			children = (
				E8CAF0EA192F92A400884C20 /* PVGeoVisualisationMobileTests-Info.plist */,
				E8CAF0EB192F92A400884C20 /* InfoPlist.strings */,
			);
			name = "Supporting Files";
			sourceTree = "<group>";
		};
		E8CAF0F9192F9BA200884C20 /* Products */ = {
			isa = PBXGroup;
			children = (
				E8CAF104192F9BA300884C20 /* Redland.framework */,
				E8CAF106192F9BA300884C20 /* Tests.octest */,
				E8CAF108192F9BA300884C20 /* libredland-ios.a */,
				E8CAF10A192F9BA300884C20 /* Tests-iOS.octest */,
			);
			name = Products;
			sourceTree = "<group>";
		};
/* End PBXGroup section */

/* Begin PBXNativeTarget section */
		E8CAF0BF192F92A400884C20 /* PVGeoVisualisationMobile */ = {
			isa = PBXNativeTarget;
			buildConfigurationList = E8CAF0F2192F92A400884C20 /* Build configuration list for PBXNativeTarget "PVGeoVisualisationMobile" */;
			buildPhases = (
				DB24D992E23B45C1AFC2C844 /* Check Pods Manifest.lock */,
				E8CAF0BC192F92A400884C20 /* Sources */,
				E8CAF0BD192F92A400884C20 /* Frameworks */,
				E8CAF0BE192F92A400884C20 /* Resources */,
				79FB1C306B114638AFFEA49E /* Copy Pods Resources */,
			);
			buildRules = (
			);
			dependencies = (
			);
			name = PVGeoVisualisationMobile;
			productName = PVGeoVisualisationMobile;
			productReference = E8CAF0C0192F92A400884C20 /* PVGeoVisualisationMobile.app */;
			productType = "com.apple.product-type.application";
		};
		E8CAF0DF192F92A400884C20 /* PVGeoVisualisationMobileTests */ = {
			isa = PBXNativeTarget;
			buildConfigurationList = E8CAF0F5192F92A400884C20 /* Build configuration list for PBXNativeTarget "PVGeoVisualisationMobileTests" */;
			buildPhases = (
				E8CAF0DC192F92A400884C20 /* Sources */,
				E8CAF0DD192F92A400884C20 /* Frameworks */,
				E8CAF0DE192F92A400884C20 /* Resources */,
			);
			buildRules = (
			);
			dependencies = (
				E8CAF0E7192F92A400884C20 /* PBXTargetDependency */,
			);
			name = PVGeoVisualisationMobileTests;
			productName = PVGeoVisualisationMobileTests;
			productReference = E8CAF0E0192F92A400884C20 /* PVGeoVisualisationMobileTests.xctest */;
			productType = "com.apple.product-type.bundle.unit-test";
		};
/* End PBXNativeTarget section */

/* Begin PBXProject section */
		E8CAF0B8192F92A400884C20 /* Project object */ = {
			isa = PBXProject;
			attributes = {
				CLASSPREFIX = PVVIS;
				LastUpgradeCheck = 0510;
				ORGANIZATIONNAME = "Balázs Pete";
				TargetAttributes = {
					E8CAF0DF192F92A400884C20 = {
						TestTargetID = E8CAF0BF192F92A400884C20;
					};
				};
			};
			buildConfigurationList = E8CAF0BB192F92A400884C20 /* Build configuration list for PBXProject "PVGeoVisualisationMobile" */;
			compatibilityVersion = "Xcode 3.2";
			developmentRegion = English;
			hasScannedForEncodings = 0;
			knownRegions = (
				en,
			);
			mainGroup = E8CAF0B7192F92A400884C20;
			productRefGroup = E8CAF0C1192F92A400884C20 /* Products */;
			projectDirPath = "";
			projectReferences = (
				{
					ProductGroup = E8CAF0F9192F9BA200884C20 /* Products */;
					ProjectRef = E8CAF0F8192F9BA200884C20 /* Redland.xcodeproj */;
				},
			);
			projectRoot = "";
			targets = (
				E8CAF0BF192F92A400884C20 /* PVGeoVisualisationMobile */,
				E8CAF0DF192F92A400884C20 /* PVGeoVisualisationMobileTests */,
			);
		};
/* End PBXProject section */

/* Begin PBXReferenceProxy section */
		E8CAF104192F9BA300884C20 /* Redland.framework */ = {
			isa = PBXReferenceProxy;
			fileType = wrapper.framework;
			path = Redland.framework;
			remoteRef = E8CAF103192F9BA300884C20 /* PBXContainerItemProxy */;
			sourceTree = BUILT_PRODUCTS_DIR;
		};
		E8CAF106192F9BA300884C20 /* Tests.octest */ = {
			isa = PBXReferenceProxy;
			fileType = wrapper.cfbundle;
			path = Tests.octest;
			remoteRef = E8CAF105192F9BA300884C20 /* PBXContainerItemProxy */;
			sourceTree = BUILT_PRODUCTS_DIR;
		};
		E8CAF108192F9BA300884C20 /* libredland-ios.a */ = {
			isa = PBXReferenceProxy;
			fileType = archive.ar;
			path = "libredland-ios.a";
			remoteRef = E8CAF107192F9BA300884C20 /* PBXContainerItemProxy */;
			sourceTree = BUILT_PRODUCTS_DIR;
		};
		E8CAF10A192F9BA300884C20 /* Tests-iOS.octest */ = {
			isa = PBXReferenceProxy;
			fileType = wrapper.cfbundle;
			path = "Tests-iOS.octest";
			remoteRef = E8CAF109192F9BA300884C20 /* PBXContainerItemProxy */;
			sourceTree = BUILT_PRODUCTS_DIR;
		};
/* End PBXReferenceProxy section */

/* Begin PBXResourcesBuildPhase section */
		E8CAF0BE192F92A400884C20 /* Resources */ = {
			isa = PBXResourcesBuildPhase;
			buildActionMask = 2147483647;
			files = (
				E81112E0194CCC4100735422 /* PVVISQueryUICollectionViewCell.xib in Resources */,
				E811131F1960546600735422 /* search.png in Resources */,
				E81112F8195C723A00735422 /* back.png in Resources */,
				E81112D4194BDEA700735422 /* PVVISQueryViewController.xib in Resources */,
				E868D2A41970AFA7004F042C /* corner-top-right.png in Resources */,
				E868D29B1970A100004F042C /* edit-map.png in Resources */,
				E868D2B91972E3AB004F042C /* corner-bottom-right@2x.png in Resources */,
				E8111302195CAD0E00735422 /* redo.png in Resources */,
				E868D27D19642129004F042C /* PVVISDataSetLoadingView.xib in Resources */,
				E81112FD195C921400735422 /* reload@2x.png in Resources */,
				E8111304195CAD0E00735422 /* undo.png in Resources */,
				E868D2BB1972E3AB004F042C /* corner-top-right@2x.png in Resources */,
				E81112F9195C723A00735422 /* back@2x.png in Resources */,
				E8111309195CBB1E00735422 /* close@2x.png in Resources */,
				E868D2A71970B02B004F042C /* corner-bottom-left.png in Resources */,
				E868D2A81970B02B004F042C /* corner-bottom-right.png in Resources */,
				E811131C195F0F6E00735422 /* PVVISEventPopoverTableViewCell.xib in Resources */,
				E868D27219635D2D004F042C /* GoogleMaps.bundle in Resources */,
				E8457C101940C77800A8D57A /* PVVISQueryUITableViewCell.xib in Resources */,
				E868D2A01970AD50004F042C /* PVVISTutorialView.xib in Resources */,
				E8CAF0D0192F92A400884C20 /* InfoPlist.strings in Resources */,
				E81112FC195C921400735422 /* reload.png in Resources */,
				E868D2951970403A004F042C /* marker-bottom@2x.png in Resources */,
				E868D2AF1971A92E004F042C /* zoom-out.png in Resources */,
				E86B16E31933F2B6000DDF18 /* FilterUIConfiguration.plist in Resources */,
				E8111308195CBB1E00735422 /* close.png in Resources */,
				E868D2AD1971A92E004F042C /* zoom-in.png in Resources */,
				E8457C3F1944A3DD00A8D57A /* map@2x.png in Resources */,
				E8111305195CAD0E00735422 /* undo@2x.png in Resources */,
				E868D28F1970212C004F042C /* PVVISQueryUICollectionHeader.xib in Resources */,
				E811130F195CDC0500735422 /* closeWhite@2x.png in Resources */,
				E868D2AE1971A92E004F042C /* zoom-in@2x.png in Resources */,
				E86B16DF1933E98C000DDF18 /* PVVISMapViewController.xib in Resources */,
				E8457C391943E94D00A8D57A /* PVVISConditionEditorViewController.xib in Resources */,
				E82ADDDE193D139000A7011A /* PVVISEventPopoverView.xib in Resources */,
				E8111303195CAD0E00735422 /* redo@2x.png in Resources */,
				E8457C3E1944A3DD00A8D57A /* map.png in Resources */,
				E868D2BA1972E3AB004F042C /* corner-top-left@2x.png in Resources */,
				E868D29119703CF4004F042C /* PVVISMarker.xib in Resources */,
				E868D29919709E92004F042C /* edit-map@2x.png in Resources */,
				E868D2B81972E3AB004F042C /* corner-bottom-left@2x.png in Resources */,
				E8CAF0DB192F92A400884C20 /* Images.xcassets in Resources */,
				E868D2941970403A004F042C /* marker-bottom.png in Resources */,
				E81113201960546600735422 /* search@2x.png in Resources */,
				E86B174B1937FC96000DDF18 /* config.plist in Resources */,
				E868D2B01971A92E004F042C /* zoom-out@2x.png in Resources */,
				E868D2A21970AF62004F042C /* corner-top-left.png in Resources */,
				E8111317195F0BB000735422 /* PVVISConditionPickerTableViewCell.xib in Resources */,
				E811130E195CDC0500735422 /* closeWhite.png in Resources */,
			);
			runOnlyForDeploymentPostprocessing = 0;
		};
		E8CAF0DE192F92A400884C20 /* Resources */ = {
			isa = PBXResourcesBuildPhase;
			buildActionMask = 2147483647;
			files = (
				E8CAF0ED192F92A400884C20 /* InfoPlist.strings in Resources */,
			);
			runOnlyForDeploymentPostprocessing = 0;
		};
/* End PBXResourcesBuildPhase section */

/* Begin PBXShellScriptBuildPhase section */
		79FB1C306B114638AFFEA49E /* Copy Pods Resources */ = {
			isa = PBXShellScriptBuildPhase;
			buildActionMask = 2147483647;
			files = (
			);
			inputPaths = (
			);
			name = "Copy Pods Resources";
			outputPaths = (
			);
			runOnlyForDeploymentPostprocessing = 0;
			shellPath = /bin/sh;
			shellScript = "\"${SRCROOT}/Pods/Pods-resources.sh\"\n";
			showEnvVarsInLog = 0;
		};
		DB24D992E23B45C1AFC2C844 /* Check Pods Manifest.lock */ = {
			isa = PBXShellScriptBuildPhase;
			buildActionMask = 2147483647;
			files = (
			);
			inputPaths = (
			);
			name = "Check Pods Manifest.lock";
			outputPaths = (
			);
			runOnlyForDeploymentPostprocessing = 0;
			shellPath = /bin/sh;
			shellScript = "diff \"${PODS_ROOT}/../Podfile.lock\" \"${PODS_ROOT}/Manifest.lock\" > /dev/null\nif [[ $? != 0 ]] ; then\n    cat << EOM\nerror: The sandbox is not in sync with the Podfile.lock. Run 'pod install' or update your CocoaPods installation.\nEOM\n    exit 1\nfi\n";
			showEnvVarsInLog = 0;
		};
/* End PBXShellScriptBuildPhase section */

/* Begin PBXSourcesBuildPhase section */
		E8CAF0BC192F92A400884C20 /* Sources */ = {
			isa = PBXSourcesBuildPhase;
			buildActionMask = 2147483647;
			files = (
				E868D27B19638CD6004F042C /* UIColor+PVVISColorSet.m in Sources */,
				E8111316195F0BB000735422 /* PVVISConditionPickerTableViewCell.m in Sources */,
				E8457C2919412BB700A8D57A /* PVVISQueryUICollectionViewCell.m in Sources */,
				E868D278196371EF004F042C /* PVVISMarker.m in Sources */,
				E82ADDF4193FE0C100A7011A /* PVVISQueryViewController.m in Sources */,
				E811131A195F0F6200735422 /* PVVISLocation.m in Sources */,
				E86B17541938ABFC000DDF18 /* NSString+URLEncoding.m in Sources */,
				E868D2B31971AAF8004F042C /* GCGeocodingService.m in Sources */,
				E86B1749193543ED000DDF18 /* PVVISSparqlOverHTTPResponseSerializer.m in Sources */,
				E8457C431944D53400A8D57A /* PVVISArea.m in Sources */,
				E86B1751193807D5000DDF18 /* PVVISDataStore.m in Sources */,
				E86B1743193532DF000DDF18 /* PVVISSparqlOverHTTP.m in Sources */,
				E86B174619353943000DDF18 /* PVVISSparqlOverHttpRequestSerializer.m in Sources */,
				E82ADDE5193E13E600A7011A /* PVVISEventPopoverTableViewCell.m in Sources */,
				E83BD0A7193BF8E100D9D09F /* PVVISTag.m in Sources */,
				E8457C1B1940C7AE00A8D57A /* PVVISQueryUITableViewCell.m in Sources */,
				E86B16DE1933E98C000DDF18 /* PVVISMapViewController.m in Sources */,
				E82ADDDC193D137800A7011A /* PVVISEventPopoverView.m in Sources */,
				E82ADDE1193D2E3000A7011A /* PVVISEventPopoverViewController.m in Sources */,
				E8CAF0D2192F92A400884C20 /* main.m in Sources */,
				E8457C381943E94D00A8D57A /* PVVISConditionEditorViewController.m in Sources */,
				E86B1759193BD554000DDF18 /* PVVISEvent.m in Sources */,
				E868D2BE1972E7C8004F042C /* PVVISTutorial.m in Sources */,
				E8CAF0D6192F92A400884C20 /* PVVISAppDelegate.m in Sources */,
				E82ADDF0193F890900A7011A /* PVVISQuery.m in Sources */,
				E868D29E1970AD3C004F042C /* PVVISTutorialView.m in Sources */,
				E81112E3194CCFC200735422 /* UIImage+StackBlur.m in Sources */,
				E86B174E1937FD87000DDF18 /* PVVISConfig.m in Sources */,
				E868D280196433D5004F042C /* PVVISPolygon.m in Sources */,
				E8111312195DCEE800735422 /* PVVISCondition.m in Sources */,
				E8CAF0D9192F92A400884C20 /* PVGeoVisualisationMobile.xcdatamodeld in Sources */,
				E868D28519702119004F042C /* PVVISQueryUICollectionHeader.m in Sources */,
			);
			runOnlyForDeploymentPostprocessing = 0;
		};
		E8CAF0DC192F92A400884C20 /* Sources */ = {
			isa = PBXSourcesBuildPhase;
			buildActionMask = 2147483647;
			files = (
				E8CAF0EF192F92A400884C20 /* PVGeoVisualisationMobileTests.m in Sources */,
			);
			runOnlyForDeploymentPostprocessing = 0;
		};
/* End PBXSourcesBuildPhase section */

/* Begin PBXTargetDependency section */
		E8CAF0E7192F92A400884C20 /* PBXTargetDependency */ = {
			isa = PBXTargetDependency;
			target = E8CAF0BF192F92A400884C20 /* PVGeoVisualisationMobile */;
			targetProxy = E8CAF0E6192F92A400884C20 /* PBXContainerItemProxy */;
		};
/* End PBXTargetDependency section */

/* Begin PBXVariantGroup section */
		E8CAF0CE192F92A400884C20 /* InfoPlist.strings */ = {
			isa = PBXVariantGroup;
			children = (
				E8CAF0CF192F92A400884C20 /* en */,
			);
			name = InfoPlist.strings;
			sourceTree = "<group>";
		};
		E8CAF0EB192F92A400884C20 /* InfoPlist.strings */ = {
			isa = PBXVariantGroup;
			children = (
				E8CAF0EC192F92A400884C20 /* en */,
			);
			name = InfoPlist.strings;
			sourceTree = "<group>";
		};
/* End PBXVariantGroup section */

/* Begin XCBuildConfiguration section */
		E8CAF0F0192F92A400884C20 /* Debug */ = {
			isa = XCBuildConfiguration;
			buildSettings = {
				ALWAYS_SEARCH_USER_PATHS = NO;
				CLANG_CXX_LANGUAGE_STANDARD = "gnu++0x";
				CLANG_CXX_LIBRARY = "libc++";
				CLANG_ENABLE_MODULES = YES;
				CLANG_ENABLE_OBJC_ARC = YES;
				CLANG_WARN_BOOL_CONVERSION = YES;
				CLANG_WARN_CONSTANT_CONVERSION = YES;
				CLANG_WARN_DIRECT_OBJC_ISA_USAGE = YES_ERROR;
				CLANG_WARN_EMPTY_BODY = YES;
				CLANG_WARN_ENUM_CONVERSION = YES;
				CLANG_WARN_INT_CONVERSION = YES;
				CLANG_WARN_OBJC_ROOT_CLASS = YES_ERROR;
				CLANG_WARN__DUPLICATE_METHOD_MATCH = YES;
				"CODE_SIGN_IDENTITY[sdk=iphoneos*]" = "iPhone Developer";
				COPY_PHASE_STRIP = NO;
				GCC_C_LANGUAGE_STANDARD = gnu99;
				GCC_DYNAMIC_NO_PIC = NO;
				GCC_OPTIMIZATION_LEVEL = 0;
				GCC_PREPROCESSOR_DEFINITIONS = (
					"DEBUG=1",
					"$(inherited)",
				);
				GCC_SYMBOLS_PRIVATE_EXTERN = NO;
				GCC_WARN_64_TO_32_BIT_CONVERSION = YES;
				GCC_WARN_ABOUT_RETURN_TYPE = YES_ERROR;
				GCC_WARN_UNDECLARED_SELECTOR = YES;
				GCC_WARN_UNINITIALIZED_AUTOS = YES_AGGRESSIVE;
				GCC_WARN_UNUSED_FUNCTION = YES;
				GCC_WARN_UNUSED_VARIABLE = YES;
				IPHONEOS_DEPLOYMENT_TARGET = 7.1;
				ONLY_ACTIVE_ARCH = YES;
				SDKROOT = iphoneos;
				TARGETED_DEVICE_FAMILY = 2;
			};
			name = Debug;
		};
		E8CAF0F1192F92A400884C20 /* Release */ = {
			isa = XCBuildConfiguration;
			buildSettings = {
				ALWAYS_SEARCH_USER_PATHS = NO;
				CLANG_CXX_LANGUAGE_STANDARD = "gnu++0x";
				CLANG_CXX_LIBRARY = "libc++";
				CLANG_ENABLE_MODULES = YES;
				CLANG_ENABLE_OBJC_ARC = YES;
				CLANG_WARN_BOOL_CONVERSION = YES;
				CLANG_WARN_CONSTANT_CONVERSION = YES;
				CLANG_WARN_DIRECT_OBJC_ISA_USAGE = YES_ERROR;
				CLANG_WARN_EMPTY_BODY = YES;
				CLANG_WARN_ENUM_CONVERSION = YES;
				CLANG_WARN_INT_CONVERSION = YES;
				CLANG_WARN_OBJC_ROOT_CLASS = YES_ERROR;
				CLANG_WARN__DUPLICATE_METHOD_MATCH = YES;
				"CODE_SIGN_IDENTITY[sdk=iphoneos*]" = "iPhone Developer";
				COPY_PHASE_STRIP = YES;
				ENABLE_NS_ASSERTIONS = NO;
				GCC_C_LANGUAGE_STANDARD = gnu99;
				GCC_WARN_64_TO_32_BIT_CONVERSION = YES;
				GCC_WARN_ABOUT_RETURN_TYPE = YES_ERROR;
				GCC_WARN_UNDECLARED_SELECTOR = YES;
				GCC_WARN_UNINITIALIZED_AUTOS = YES_AGGRESSIVE;
				GCC_WARN_UNUSED_FUNCTION = YES;
				GCC_WARN_UNUSED_VARIABLE = YES;
				IPHONEOS_DEPLOYMENT_TARGET = 7.1;
				SDKROOT = iphoneos;
				TARGETED_DEVICE_FAMILY = 2;
				VALIDATE_PRODUCT = YES;
			};
			name = Release;
		};
		E8CAF0F3192F92A400884C20 /* Debug */ = {
			isa = XCBuildConfiguration;
			baseConfigurationReference = E3408F6957504BF1818D98FE /* Pods.xcconfig */;
			buildSettings = {
				ASSETCATALOG_COMPILER_APPICON_NAME = AppIcon;
				ASSETCATALOG_COMPILER_LAUNCHIMAGE_NAME = LaunchImage;
				FRAMEWORK_SEARCH_PATHS = (
					"$(inherited)",
					"$(PROJECT_DIR)",
					"$(PROJECT_DIR)/Resources",
				);
				GCC_PRECOMPILE_PREFIX_HEADER = YES;
				GCC_PREFIX_HEADER = "PVGeoVisualisationMobile/PVGeoVisualisationMobile-Prefix.pch";
				HEADER_SEARCH_PATHS = (
					"$(inherited)",
					/Applications/Xcode.app/Contents/Developer/Toolchains/XcodeDefault.xctoolchain/usr/include,
					"$(PROJECT_DIR)/**",
				);
				INFOPLIST_FILE = "PVGeoVisualisationMobile/PVGeoVisualisationMobile-Info.plist";
				LIBRARY_SEARCH_PATHS = (
					"$(inherited)",
					"$(PROJECT_DIR)/Pods/build/Debug-iphoneos",
				);
				OTHER_LDFLAGS = (
					"-ObjC",
					"$(inherited)",
				);
				PRODUCT_NAME = "$(TARGET_NAME)";
				USER_HEADER_SEARCH_PATHS = "$(PROJECT_DIR)/**";
				WRAPPER_EXTENSION = app;
			};
			name = Debug;
		};
		E8CAF0F4192F92A400884C20 /* Release */ = {
			isa = XCBuildConfiguration;
			baseConfigurationReference = E3408F6957504BF1818D98FE /* Pods.xcconfig */;
			buildSettings = {
				ASSETCATALOG_COMPILER_APPICON_NAME = AppIcon;
				ASSETCATALOG_COMPILER_LAUNCHIMAGE_NAME = LaunchImage;
				FRAMEWORK_SEARCH_PATHS = (
					"$(inherited)",
					"$(PROJECT_DIR)",
					"$(PROJECT_DIR)/Resources",
				);
				GCC_PRECOMPILE_PREFIX_HEADER = YES;
				GCC_PREFIX_HEADER = "PVGeoVisualisationMobile/PVGeoVisualisationMobile-Prefix.pch";
				HEADER_SEARCH_PATHS = (
					"$(inherited)",
					/Applications/Xcode.app/Contents/Developer/Toolchains/XcodeDefault.xctoolchain/usr/include,
					"$(PROJECT_DIR)/**",
				);
				INFOPLIST_FILE = "PVGeoVisualisationMobile/PVGeoVisualisationMobile-Info.plist";
				LIBRARY_SEARCH_PATHS = (
					"$(inherited)",
					"$(PROJECT_DIR)/Pods/build/Debug-iphoneos",
				);
				OTHER_LDFLAGS = (
					"-ObjC",
					"$(inherited)",
				);
				PRODUCT_NAME = "$(TARGET_NAME)";
				USER_HEADER_SEARCH_PATHS = "$(PROJECT_DIR)/**";
				WRAPPER_EXTENSION = app;
			};
			name = Release;
		};
		E8CAF0F6192F92A400884C20 /* Debug */ = {
			isa = XCBuildConfiguration;
			buildSettings = {
				BUNDLE_LOADER = "$(BUILT_PRODUCTS_DIR)/PVGeoVisualisationMobile.app/PVGeoVisualisationMobile";
				FRAMEWORK_SEARCH_PATHS = (
					"$(SDKROOT)/Developer/Library/Frameworks",
					"$(inherited)",
					"$(DEVELOPER_FRAMEWORKS_DIR)",
				);
				GCC_PRECOMPILE_PREFIX_HEADER = YES;
				GCC_PREFIX_HEADER = "PVGeoVisualisationMobile/PVGeoVisualisationMobile-Prefix.pch";
				GCC_PREPROCESSOR_DEFINITIONS = (
					"DEBUG=1",
					"$(inherited)",
				);
				INFOPLIST_FILE = "PVGeoVisualisationMobileTests/PVGeoVisualisationMobileTests-Info.plist";
				PRODUCT_NAME = "$(TARGET_NAME)";
				TEST_HOST = "$(BUNDLE_LOADER)";
				WRAPPER_EXTENSION = xctest;
			};
			name = Debug;
		};
		E8CAF0F7192F92A400884C20 /* Release */ = {
			isa = XCBuildConfiguration;
			buildSettings = {
				BUNDLE_LOADER = "$(BUILT_PRODUCTS_DIR)/PVGeoVisualisationMobile.app/PVGeoVisualisationMobile";
				FRAMEWORK_SEARCH_PATHS = (
					"$(SDKROOT)/Developer/Library/Frameworks",
					"$(inherited)",
					"$(DEVELOPER_FRAMEWORKS_DIR)",
				);
				GCC_PRECOMPILE_PREFIX_HEADER = YES;
				GCC_PREFIX_HEADER = "PVGeoVisualisationMobile/PVGeoVisualisationMobile-Prefix.pch";
				INFOPLIST_FILE = "PVGeoVisualisationMobileTests/PVGeoVisualisationMobileTests-Info.plist";
				PRODUCT_NAME = "$(TARGET_NAME)";
				TEST_HOST = "$(BUNDLE_LOADER)";
				WRAPPER_EXTENSION = xctest;
			};
			name = Release;
		};
/* End XCBuildConfiguration section */

/* Begin XCConfigurationList section */
		E8CAF0BB192F92A400884C20 /* Build configuration list for PBXProject "PVGeoVisualisationMobile" */ = {
			isa = XCConfigurationList;
			buildConfigurations = (
				E8CAF0F0192F92A400884C20 /* Debug */,
				E8CAF0F1192F92A400884C20 /* Release */,
			);
			defaultConfigurationIsVisible = 0;
			defaultConfigurationName = Release;
		};
		E8CAF0F2192F92A400884C20 /* Build configuration list for PBXNativeTarget "PVGeoVisualisationMobile" */ = {
			isa = XCConfigurationList;
			buildConfigurations = (
				E8CAF0F3192F92A400884C20 /* Debug */,
				E8CAF0F4192F92A400884C20 /* Release */,
			);
			defaultConfigurationIsVisible = 0;
			defaultConfigurationName = Release;
		};
		E8CAF0F5192F92A400884C20 /* Build configuration list for PBXNativeTarget "PVGeoVisualisationMobileTests" */ = {
			isa = XCConfigurationList;
			buildConfigurations = (
				E8CAF0F6192F92A400884C20 /* Debug */,
				E8CAF0F7192F92A400884C20 /* Release */,
			);
			defaultConfigurationIsVisible = 0;
			defaultConfigurationName = Release;
		};
/* End XCConfigurationList section */

/* Begin XCVersionGroup section */
		E8CAF0D7192F92A400884C20 /* PVGeoVisualisationMobile.xcdatamodeld */ = {
			isa = XCVersionGroup;
			children = (
				E8CAF0D8192F92A400884C20 /* PVGeoVisualisationMobile.xcdatamodel */,
			);
			currentVersion = E8CAF0D8192F92A400884C20 /* PVGeoVisualisationMobile.xcdatamodel */;
			path = PVGeoVisualisationMobile.xcdatamodeld;
			sourceTree = "<group>";
			versionGroupType = wrapper.xcdatamodel;
		};
/* End XCVersionGroup section */
	};
	rootObject = E8CAF0B8192F92A400884C20 /* Project object */;
}
